// !$*UTF8*$!
{
	archiveVersion = 1;
	classes = {
	};
	objectVersion = 46;
	objects = {

/* Begin PBXBuildFile section */
		12F4E77333594484A0C343D9 /* libPods.a in Frameworks */ = {isa = PBXBuildFile; fileRef = 634CC7A981E449658DD30D1E /* libPods.a */; };
		340896B817513D4D00398230 /* Tahoma.ttf in Resources */ = {isa = PBXBuildFile; fileRef = 340896B717513D4D00398230 /* Tahoma.ttf */; };
		340896BA1751443800398230 /* tahomabd.ttf in Resources */ = {isa = PBXBuildFile; fileRef = 340896B91751443800398230 /* tahomabd.ttf */; };
		340896BD1751712900398230 /* progressView_tracker.png in Resources */ = {isa = PBXBuildFile; fileRef = 340896BB1751712400398230 /* progressView_tracker.png */; };
		340896BE1751712900398230 /* progressView_tracker@2x.png in Resources */ = {isa = PBXBuildFile; fileRef = 340896BC1751712500398230 /* progressView_tracker@2x.png */; };
		340896C1175175ED00398230 /* progressView_progress.png in Resources */ = {isa = PBXBuildFile; fileRef = 340896BF175175EC00398230 /* progressView_progress.png */; };
		340896C2175175ED00398230 /* progressView_progress@2x.png in Resources */ = {isa = PBXBuildFile; fileRef = 340896C0175175EC00398230 /* progressView_progress@2x.png */; };
		347800051750EFC1002B29DB /* cardquiz_answerholder.png in Resources */ = {isa = PBXBuildFile; fileRef = 3478FFB11750EFC1002B29DB /* cardquiz_answerholder.png */; };
		347800061750EFC1002B29DB /* cardquiz_answerholder@2x.png in Resources */ = {isa = PBXBuildFile; fileRef = 3478FFB21750EFC1002B29DB /* cardquiz_answerholder@2x.png */; };
		347800071750EFC1002B29DB /* cardquiz_businesscard.png in Resources */ = {isa = PBXBuildFile; fileRef = 3478FFB31750EFC1002B29DB /* cardquiz_businesscard.png */; };
		347800081750EFC1002B29DB /* cardquiz_businesscard@2x.png in Resources */ = {isa = PBXBuildFile; fileRef = 3478FFB41750EFC1002B29DB /* cardquiz_businesscard@2x.png */; };
		347800091750EFC1002B29DB /* cardquiz_reference.png in Resources */ = {isa = PBXBuildFile; fileRef = 3478FFB51750EFC1002B29DB /* cardquiz_reference.png */; };
		3478000A1750EFC1002B29DB /* cardquiz_reference@2x.png in Resources */ = {isa = PBXBuildFile; fileRef = 3478FFB61750EFC1002B29DB /* cardquiz_reference@2x.png */; };
		3478000B1750EFC1002B29DB /* cardquiz_tracker.png in Resources */ = {isa = PBXBuildFile; fileRef = 3478FFB71750EFC1002B29DB /* cardquiz_tracker.png */; };
		3478000C1750EFC1002B29DB /* cardquiz_tracker@2x.png in Resources */ = {isa = PBXBuildFile; fileRef = 3478FFB81750EFC1002B29DB /* cardquiz_tracker@2x.png */; };
		3478000E1750EFC1002B29DB /* calendar_datebar.png in Resources */ = {isa = PBXBuildFile; fileRef = 3478FFBB1750EFC1002B29DB /* calendar_datebar.png */; };
		3478000F1750EFC1002B29DB /* calendar_datebar@2x.png in Resources */ = {isa = PBXBuildFile; fileRef = 3478FFBC1750EFC1002B29DB /* calendar_datebar@2x.png */; };
		347800101750EFC1002B29DB /* calendar_expand_btn.png in Resources */ = {isa = PBXBuildFile; fileRef = 3478FFBD1750EFC1002B29DB /* calendar_expand_btn.png */; };
		347800111750EFC1002B29DB /* calendar_expand_btn@2x.png in Resources */ = {isa = PBXBuildFile; fileRef = 3478FFBE1750EFC1002B29DB /* calendar_expand_btn@2x.png */; };
		347800121750EFC1002B29DB /* calendar_meetingtab.png in Resources */ = {isa = PBXBuildFile; fileRef = 3478FFBF1750EFC1002B29DB /* calendar_meetingtab.png */; };
		347800131750EFC1002B29DB /* calendar_meetingtab@2x.png in Resources */ = {isa = PBXBuildFile; fileRef = 3478FFC01750EFC1002B29DB /* calendar_meetingtab@2x.png */; };
		347800141750EFC1002B29DB /* calendar_meetingtab_selected.png in Resources */ = {isa = PBXBuildFile; fileRef = 3478FFC11750EFC1002B29DB /* calendar_meetingtab_selected.png */; };
		347800151750EFC1002B29DB /* calendar_meetingtab_selected@2x.png in Resources */ = {isa = PBXBuildFile; fileRef = 3478FFC21750EFC1002B29DB /* calendar_meetingtab_selected@2x.png */; };
		347800161750EFC1002B29DB /* calendar_reference.png in Resources */ = {isa = PBXBuildFile; fileRef = 3478FFC31750EFC1002B29DB /* calendar_reference.png */; };
		347800171750EFC1002B29DB /* calendar_reference@2x.png in Resources */ = {isa = PBXBuildFile; fileRef = 3478FFC41750EFC1002B29DB /* calendar_reference@2x.png */; };
		347800181750EFC1002B29DB /* calendar_slitbottom.png in Resources */ = {isa = PBXBuildFile; fileRef = 3478FFC51750EFC1002B29DB /* calendar_slitbottom.png */; };
		347800191750EFC1002B29DB /* calendar_slitbottom@2x.png in Resources */ = {isa = PBXBuildFile; fileRef = 3478FFC61750EFC1002B29DB /* calendar_slitbottom@2x.png */; };
		3478001A1750EFC1002B29DB /* calendar_slittop.png in Resources */ = {isa = PBXBuildFile; fileRef = 3478FFC71750EFC1002B29DB /* calendar_slittop.png */; };
		3478001B1750EFC1002B29DB /* calendar_slittop@2x.png in Resources */ = {isa = PBXBuildFile; fileRef = 3478FFC81750EFC1002B29DB /* calendar_slittop@2x.png */; };
		3478001D1750EFC1002B29DB /* Default-568h@2x.png in Resources */ = {isa = PBXBuildFile; fileRef = 3478FFCA1750EFC1002B29DB /* Default-568h@2x.png */; };
		3478001E1750EFC1002B29DB /* Default.png in Resources */ = {isa = PBXBuildFile; fileRef = 3478FFCB1750EFC1002B29DB /* Default.png */; };
		3478001F1750EFC1002B29DB /* Default@2x.png in Resources */ = {isa = PBXBuildFile; fileRef = 3478FFCC1750EFC1002B29DB /* Default@2x.png */; };
		347800201750EFC1002B29DB /* drag&drop_nameplate.png in Resources */ = {isa = PBXBuildFile; fileRef = 3478FFCE1750EFC1002B29DB /* drag&drop_nameplate.png */; };
		347800211750EFC1002B29DB /* drag&drop_nameplate@2x.png in Resources */ = {isa = PBXBuildFile; fileRef = 3478FFCF1750EFC1002B29DB /* drag&drop_nameplate@2x.png */; };
		347800221750EFC1002B29DB /* drag&drop_pictureholder.png in Resources */ = {isa = PBXBuildFile; fileRef = 3478FFD01750EFC1002B29DB /* drag&drop_pictureholder.png */; };
		347800231750EFC1002B29DB /* drag&drop_pictureholder@2x.png in Resources */ = {isa = PBXBuildFile; fileRef = 3478FFD11750EFC1002B29DB /* drag&drop_pictureholder@2x.png */; };
		347800241750EFC1002B29DB /* drag&drop_reference.png in Resources */ = {isa = PBXBuildFile; fileRef = 3478FFD21750EFC1002B29DB /* drag&drop_reference.png */; };
		347800251750EFC1002B29DB /* drag&drop_reference@2x.png in Resources */ = {isa = PBXBuildFile; fileRef = 3478FFD31750EFC1002B29DB /* drag&drop_reference@2x.png */; };
		347800261750EFC1002B29DB /* drag&drop_smallcard.png in Resources */ = {isa = PBXBuildFile; fileRef = 3478FFD41750EFC1002B29DB /* drag&drop_smallcard.png */; };
		347800271750EFC1002B29DB /* drag&drop_smallcard@2x.png in Resources */ = {isa = PBXBuildFile; fileRef = 3478FFD51750EFC1002B29DB /* drag&drop_smallcard@2x.png */; };
		347800291750EFC1002B29DB /* connectionsquiz_lock_btn.png in Resources */ = {isa = PBXBuildFile; fileRef = 3478FFD81750EFC1002B29DB /* connectionsquiz_lock_btn.png */; };
		3478002A1750EFC1002B29DB /* connectionsquiz_lock_btn@2x.png in Resources */ = {isa = PBXBuildFile; fileRef = 3478FFD91750EFC1002B29DB /* connectionsquiz_lock_btn@2x.png */; };
		3478002B1750EFC1002B29DB /* connectionsquiz_paperstack.png in Resources */ = {isa = PBXBuildFile; fileRef = 3478FFDA1750EFC1002B29DB /* connectionsquiz_paperstack.png */; };
		3478002C1750EFC1002B29DB /* connectionsquiz_paperstack@2x.png in Resources */ = {isa = PBXBuildFile; fileRef = 3478FFDB1750EFC1002B29DB /* connectionsquiz_paperstack@2x.png */; };
		3478002D1750EFC1002B29DB /* connectionsquiz_quizoptions_btn.png in Resources */ = {isa = PBXBuildFile; fileRef = 3478FFDC1750EFC1002B29DB /* connectionsquiz_quizoptions_btn.png */; };
		3478002E1750EFC1002B29DB /* connectionsquiz_quizoptions_btn@2x.png in Resources */ = {isa = PBXBuildFile; fileRef = 3478FFDD1750EFC1002B29DB /* connectionsquiz_quizoptions_btn@2x.png */; };
		3478002F1750EFC1002B29DB /* connectionsquiz_reference.png in Resources */ = {isa = PBXBuildFile; fileRef = 3478FFDE1750EFC1002B29DB /* connectionsquiz_reference.png */; };
		347800301750EFC1002B29DB /* connectionsquiz_reference@2x.png in Resources */ = {isa = PBXBuildFile; fileRef = 3478FFDF1750EFC1002B29DB /* connectionsquiz_reference@2x.png */; };
		347800321750EFC1002B29DB /* connectionsquiz_paperstack.png in Resources */ = {isa = PBXBuildFile; fileRef = 3478FFE21750EFC1002B29DB /* connectionsquiz_paperstack.png */; };
		347800331750EFC1002B29DB /* connectionsquiz_paperstack@2x.png in Resources */ = {isa = PBXBuildFile; fileRef = 3478FFE31750EFC1002B29DB /* connectionsquiz_paperstack@2x.png */; };
		347800341750EFC1002B29DB /* connectionsquiz_takequiz_btn.png in Resources */ = {isa = PBXBuildFile; fileRef = 3478FFE41750EFC1002B29DB /* connectionsquiz_takequiz_btn.png */; };
		347800351750EFC1002B29DB /* connectionsquiz_takequiz_btn@2x.png in Resources */ = {isa = PBXBuildFile; fileRef = 3478FFE51750EFC1002B29DB /* connectionsquiz_takequiz_btn@2x.png */; };
		347800371750EFC1002B29DB /* multiplechoice_answer_btn.png in Resources */ = {isa = PBXBuildFile; fileRef = 3478FFE81750EFC1002B29DB /* multiplechoice_answer_btn.png */; };
		347800381750EFC1002B29DB /* multiplechoice_answer_btn_@2x.png in Resources */ = {isa = PBXBuildFile; fileRef = 3478FFE91750EFC1002B29DB /* multiplechoice_answer_btn_@2x.png */; };
		347800391750EFC1002B29DB /* multiplechoice_answer_btn_pressed.png in Resources */ = {isa = PBXBuildFile; fileRef = 3478FFEA1750EFC1002B29DB /* multiplechoice_answer_btn_pressed.png */; };
		3478003A1750EFC1002B29DB /* multiplechoice_answer_btn_pressed@2x.png in Resources */ = {isa = PBXBuildFile; fileRef = 3478FFEB1750EFC1002B29DB /* multiplechoice_answer_btn_pressed@2x.png */; };
		3478003B1750EFC1002B29DB /* multiplechoice_pictureholder.png in Resources */ = {isa = PBXBuildFile; fileRef = 3478FFEC1750EFC1002B29DB /* multiplechoice_pictureholder.png */; };
		3478003C1750EFC1002B29DB /* multiplechoice_pictureholder@2x.png in Resources */ = {isa = PBXBuildFile; fileRef = 3478FFED1750EFC1002B29DB /* multiplechoice_pictureholder@2x.png */; };
		3478003D1750EFC1002B29DB /* multiplechoice_reference.png in Resources */ = {isa = PBXBuildFile; fileRef = 3478FFEE1750EFC1002B29DB /* multiplechoice_reference.png */; };
		3478003E1750EFC1002B29DB /* multiplechoice_reference@2x.png in Resources */ = {isa = PBXBuildFile; fileRef = 3478FFEF1750EFC1002B29DB /* multiplechoice_reference@2x.png */; };
		347800411750EFC1002B29DB /* placeholderHead.png in Resources */ = {isa = PBXBuildFile; fileRef = 3478FFF21750EFC1002B29DB /* placeholderHead.png */; };
		347800421750EFC1002B29DB /* placeholderHead@2x.png in Resources */ = {isa = PBXBuildFile; fileRef = 3478FFF31750EFC1002B29DB /* placeholderHead@2x.png */; };
		347800431750EFC1002B29DB /* Icon in Resources */ = {isa = PBXBuildFile; fileRef = 3478FFF51750EFC1002B29DB /* Icon */; };
		347800441750EFC1002B29DB /* LinkedInAppv10.psd in Resources */ = {isa = PBXBuildFile; fileRef = 3478FFF61750EFC1002B29DB /* LinkedInAppv10.psd */; };
		347800451750EFC1002B29DB /* LinkedInAppv7 (1).psd in Resources */ = {isa = PBXBuildFile; fileRef = 3478FFF71750EFC1002B29DB /* LinkedInAppv7 (1).psd */; };
		347800461750EFC1002B29DB /* LinkedInAppv8 (1).psd in Resources */ = {isa = PBXBuildFile; fileRef = 3478FFF81750EFC1002B29DB /* LinkedInAppv8 (1).psd */; };
		347800471750EFC1002B29DB /* LinkedInAppv9.psd in Resources */ = {isa = PBXBuildFile; fileRef = 3478FFF91750EFC1002B29DB /* LinkedInAppv9.psd */; };
		347800481750EFC1002B29DB /* connectionsquiz_takequiz_btn.png in Resources */ = {isa = PBXBuildFile; fileRef = 3478FFFB1750EFC1002B29DB /* connectionsquiz_takequiz_btn.png */; };
		347800491750EFC1002B29DB /* connectionsquiz_takequiz_btn@2x.png in Resources */ = {isa = PBXBuildFile; fileRef = 3478FFFC1750EFC1002B29DB /* connectionsquiz_takequiz_btn@2x.png */; };
		3478004A1750EFC1002B29DB /* quizin_bg.png in Resources */ = {isa = PBXBuildFile; fileRef = 3478FFFD1750EFC1002B29DB /* quizin_bg.png */; };
		3478004B1750EFC1002B29DB /* quizin_bg@2x.png in Resources */ = {isa = PBXBuildFile; fileRef = 3478FFFE1750EFC1002B29DB /* quizin_bg@2x.png */; };
		3478004C1750EFC1002B29DB /* quizin_divider.png in Resources */ = {isa = PBXBuildFile; fileRef = 3478FFFF1750EFC1002B29DB /* quizin_divider.png */; };
		3478004D1750EFC1002B29DB /* quizin_divider@2x.png in Resources */ = {isa = PBXBuildFile; fileRef = 347800001750EFC1002B29DB /* quizin_divider@2x.png */; };
		3478004E1750EFC1002B29DB /* quizin_exit_btn.png in Resources */ = {isa = PBXBuildFile; fileRef = 347800011750EFC1002B29DB /* quizin_exit_btn.png */; };
		3478004F1750EFC1002B29DB /* quizin_exit_btn@2x.png in Resources */ = {isa = PBXBuildFile; fileRef = 347800021750EFC1002B29DB /* quizin_exit_btn@2x.png */; };
		347800501750EFC1002B29DB /* quizin_headerbar.png in Resources */ = {isa = PBXBuildFile; fileRef = 347800031750EFC1002B29DB /* quizin_headerbar.png */; };
		347800511750EFC1002B29DB /* quizin_headerbar@2x.png in Resources */ = {isa = PBXBuildFile; fileRef = 347800041750EFC1002B29DB /* quizin_headerbar@2x.png */; };
		3478FF9F173EE237002B29DB /* High-level diagram.pdf in Resources */ = {isa = PBXBuildFile; fileRef = 3478FF9E173EE237002B29DB /* High-level diagram.pdf */; };
		3478FFA4173EE7CD002B29DB /* AsyncImageView.m in Sources */ = {isa = PBXBuildFile; fileRef = 3478FFA3173EE7CD002B29DB /* AsyncImageView.m */; };
		3478FFA8173FD747002B29DB /* QIProgressView.m in Sources */ = {isa = PBXBuildFile; fileRef = 3478FFA7173FD747002B29DB /* QIProgressView.m */; };
		3478FFAC1747C19D002B29DB /* QIMatchingQuizViewController.m in Sources */ = {isa = PBXBuildFile; fileRef = 3478FFAB1747C19D002B29DB /* QIMatchingQuizViewController.m */; };
		3478FFAF1747C1C7002B29DB /* QIMatchingQuizView.m in Sources */ = {isa = PBXBuildFile; fileRef = 3478FFAE1747C1C7002B29DB /* QIMatchingQuizView.m */; };
		349248191733603D000AE6D1 /* QIStatsTracker.m in Sources */ = {isa = PBXBuildFile; fileRef = 349248181733603D000AE6D1 /* QIStatsTracker.m */; };
		34EF1F9E172E2DC80019D6F7 /* Scratch.xib in Resources */ = {isa = PBXBuildFile; fileRef = 34EF1F9D172E2DC80019D6F7 /* Scratch.xib */; };
		34F01A36172DB2F60056A76A /* QIBusinessCardQuizView.m in Sources */ = {isa = PBXBuildFile; fileRef = 34F01A33172DB2F60056A76A /* QIBusinessCardQuizView.m */; };
		34F01A37172DB2F60056A76A /* QIBusinessCardViewController.m in Sources */ = {isa = PBXBuildFile; fileRef = 34F01A35172DB2F60056A76A /* QIBusinessCardViewController.m */; };
		880870E216FBD31800D09848 /* InfoPlist.strings in Resources */ = {isa = PBXBuildFile; fileRef = 880870DF16FBD31800D09848 /* InfoPlist.strings */; };
		880870EF16FBD32200D09848 /* QuizIn.xcdatamodeld in Sources */ = {isa = PBXBuildFile; fileRef = 880870EA16FBD32200D09848 /* QuizIn.xcdatamodeld */; };
		880870F716FBD32E00D09848 /* QIAppDelegate.m in Sources */ = {isa = PBXBuildFile; fileRef = 880870F316FBD32E00D09848 /* QIAppDelegate.m */; };
		880870F816FBD32E00D09848 /* main.m in Sources */ = {isa = PBXBuildFile; fileRef = 880870F516FBD32E00D09848 /* main.m */; };
		880870FB16FBD3A800D09848 /* QIApplicationViewController.m in Sources */ = {isa = PBXBuildFile; fileRef = 880870FA16FBD3A800D09848 /* QIApplicationViewController.m */; };
		881EAF9416FBD08B0041AD55 /* UIKit.framework in Frameworks */ = {isa = PBXBuildFile; fileRef = 881EAF9316FBD08B0041AD55 /* UIKit.framework */; };
		881EAF9616FBD08B0041AD55 /* Foundation.framework in Frameworks */ = {isa = PBXBuildFile; fileRef = 881EAF9516FBD08B0041AD55 /* Foundation.framework */; };
		881EAF9816FBD08B0041AD55 /* CoreGraphics.framework in Frameworks */ = {isa = PBXBuildFile; fileRef = 881EAF9716FBD08B0041AD55 /* CoreGraphics.framework */; };
		881EAF9A16FBD08B0041AD55 /* CoreData.framework in Frameworks */ = {isa = PBXBuildFile; fileRef = 881EAF9916FBD08B0041AD55 /* CoreData.framework */; };
		881EAFC316FBD08B0041AD55 /* SenTestingKit.framework in Frameworks */ = {isa = PBXBuildFile; fileRef = 881EAFC216FBD08B0041AD55 /* SenTestingKit.framework */; };
		881EAFC416FBD08B0041AD55 /* UIKit.framework in Frameworks */ = {isa = PBXBuildFile; fileRef = 881EAF9316FBD08B0041AD55 /* UIKit.framework */; };
		881EAFC516FBD08B0041AD55 /* Foundation.framework in Frameworks */ = {isa = PBXBuildFile; fileRef = 881EAF9516FBD08B0041AD55 /* Foundation.framework */; };
		881EAFC616FBD08B0041AD55 /* CoreData.framework in Frameworks */ = {isa = PBXBuildFile; fileRef = 881EAF9916FBD08B0041AD55 /* CoreData.framework */; };
		881EAFCE16FBD08B0041AD55 /* InfoPlist.strings in Resources */ = {isa = PBXBuildFile; fileRef = 881EAFCC16FBD08B0041AD55 /* InfoPlist.strings */; };
		881EAFD116FBD08B0041AD55 /* QuizInTests.m in Sources */ = {isa = PBXBuildFile; fileRef = 881EAFD016FBD08B0041AD55 /* QuizInTests.m */; };
		8886796B172D53F700DCE3D0 /* QIHomeViewController.m in Sources */ = {isa = PBXBuildFile; fileRef = 8886796A172D53F700DCE3D0 /* QIHomeViewController.m */; };
		8886796E172D540700DCE3D0 /* QIHomeView.m in Sources */ = {isa = PBXBuildFile; fileRef = 8886796D172D540700DCE3D0 /* QIHomeView.m */; };
		88867975172D572F00DCE3D0 /* QIDrawerController.m in Sources */ = {isa = PBXBuildFile; fileRef = 88867974172D572F00DCE3D0 /* QIDrawerController.m */; };
		88867978172D574C00DCE3D0 /* QIDrawerView.m in Sources */ = {isa = PBXBuildFile; fileRef = 88867977172D574C00DCE3D0 /* QIDrawerView.m */; };
		8886798D172D6AF800DCE3D0 /* AKGTMOAuth2Account.m in Sources */ = {isa = PBXBuildFile; fileRef = 8886797B172D6AF700DCE3D0 /* AKGTMOAuth2Account.m */; };
		8886798E172D6AF800DCE3D0 /* AKGTMOAuth2AuthController.m in Sources */ = {isa = PBXBuildFile; fileRef = 8886797D172D6AF700DCE3D0 /* AKGTMOAuth2AuthController.m */; };
		8886798F172D6AF800DCE3D0 /* AKOAuth2Account.m in Sources */ = {isa = PBXBuildFile; fileRef = 8886797F172D6AF700DCE3D0 /* AKOAuth2Account.m */; };
		88867990172D6AF800DCE3D0 /* AKOAuth2AccountCredential.m in Sources */ = {isa = PBXBuildFile; fileRef = 88867981172D6AF700DCE3D0 /* AKOAuth2AccountCredential.m */; };
		88867991172D6AF800DCE3D0 /* QIAccountStore.m in Sources */ = {isa = PBXBuildFile; fileRef = 88867983172D6AF700DCE3D0 /* QIAccountStore.m */; };
		88867992172D6AF800DCE3D0 /* AKGoogleAuthController.m in Sources */ = {isa = PBXBuildFile; fileRef = 88867985172D6AF700DCE3D0 /* AKGoogleAuthController.m */; };
		88867993172D6AF800DCE3D0 /* AKLinkedInAuthController.m in Sources */ = {isa = PBXBuildFile; fileRef = 88867987172D6AF700DCE3D0 /* AKLinkedInAuthController.m */; };
		88867994172D6AF800DCE3D0 /* LIHTTPClient.m in Sources */ = {isa = PBXBuildFile; fileRef = 8886798A172D6AF800DCE3D0 /* LIHTTPClient.m */; };
		88867995172D6AF800DCE3D0 /* LinkedIn.m in Sources */ = {isa = PBXBuildFile; fileRef = 8886798C172D6AF800DCE3D0 /* LinkedIn.m */; };
		88867997172D6D1B00DCE3D0 /* SystemConfiguration.framework in Frameworks */ = {isa = PBXBuildFile; fileRef = 88867996172D6D1B00DCE3D0 /* SystemConfiguration.framework */; };
		88867999172D6D6C00DCE3D0 /* MobileCoreServices.framework in Frameworks */ = {isa = PBXBuildFile; fileRef = 88867998172D6D6C00DCE3D0 /* MobileCoreServices.framework */; };
		888679A1172DCDA700DCE3D0 /* QIQuizViewController.m in Sources */ = {isa = PBXBuildFile; fileRef = 888679A0172DCDA600DCE3D0 /* QIQuizViewController.m */; };
		888679A4172DCE2800DCE3D0 /* QIQuizView.m in Sources */ = {isa = PBXBuildFile; fileRef = 888679A3172DCE2700DCE3D0 /* QIQuizView.m */; };
		888679A8172DD5B000DCE3D0 /* QIMultipleChoiceQuizViewController.m in Sources */ = {isa = PBXBuildFile; fileRef = 888679A7172DD5B000DCE3D0 /* QIMultipleChoiceQuizViewController.m */; };
		888679AB172DD5DA00DCE3D0 /* QIMultipleChoiceQuizView.m in Sources */ = {isa = PBXBuildFile; fileRef = 888679AA172DD5DA00DCE3D0 /* QIMultipleChoiceQuizView.m */; };
		9FBC9C5B17163062009BA34C /* QuartzCore.framework in Frameworks */ = {isa = PBXBuildFile; fileRef = 9FBC9C5A17163062009BA34C /* QuartzCore.framework */; };
/* End PBXBuildFile section */

/* Begin PBXContainerItemProxy section */
		881EAFC716FBD08B0041AD55 /* PBXContainerItemProxy */ = {
			isa = PBXContainerItemProxy;
			containerPortal = 881EAF8816FBD08B0041AD55 /* Project object */;
			proxyType = 1;
			remoteGlobalIDString = 881EAF8F16FBD08B0041AD55;
			remoteInfo = QuizIn;
		};
/* End PBXContainerItemProxy section */

/* Begin PBXFileReference section */
		340896B717513D4D00398230 /* Tahoma.ttf */ = {isa = PBXFileReference; lastKnownFileType = file; path = Tahoma.ttf; sourceTree = "<group>"; };
		340896B91751443800398230 /* tahomabd.ttf */ = {isa = PBXFileReference; lastKnownFileType = file; path = tahomabd.ttf; sourceTree = "<group>"; };
		340896BB1751712400398230 /* progressView_tracker.png */ = {isa = PBXFileReference; lastKnownFileType = image.png; path = progressView_tracker.png; sourceTree = "<group>"; };
		340896BC1751712500398230 /* progressView_tracker@2x.png */ = {isa = PBXFileReference; lastKnownFileType = image.png; path = "progressView_tracker@2x.png"; sourceTree = "<group>"; };
		340896BF175175EC00398230 /* progressView_progress.png */ = {isa = PBXFileReference; lastKnownFileType = image.png; path = progressView_progress.png; sourceTree = "<group>"; };
		340896C0175175EC00398230 /* progressView_progress@2x.png */ = {isa = PBXFileReference; lastKnownFileType = image.png; path = "progressView_progress@2x.png"; sourceTree = "<group>"; };
		347800001750EFC1002B29DB /* quizin_divider@2x.png */ = {isa = PBXFileReference; lastKnownFileType = image.png; path = "quizin_divider@2x.png"; sourceTree = "<group>"; };
		347800011750EFC1002B29DB /* quizin_exit_btn.png */ = {isa = PBXFileReference; lastKnownFileType = image.png; path = quizin_exit_btn.png; sourceTree = "<group>"; };
		347800021750EFC1002B29DB /* quizin_exit_btn@2x.png */ = {isa = PBXFileReference; lastKnownFileType = image.png; path = "quizin_exit_btn@2x.png"; sourceTree = "<group>"; };
		347800031750EFC1002B29DB /* quizin_headerbar.png */ = {isa = PBXFileReference; lastKnownFileType = image.png; path = quizin_headerbar.png; sourceTree = "<group>"; };
		347800041750EFC1002B29DB /* quizin_headerbar@2x.png */ = {isa = PBXFileReference; lastKnownFileType = image.png; path = "quizin_headerbar@2x.png"; sourceTree = "<group>"; };
		3478FF9E173EE237002B29DB /* High-level diagram.pdf */ = {isa = PBXFileReference; lastKnownFileType = image.pdf; path = "High-level diagram.pdf"; sourceTree = "<group>"; };
		3478FFA2173EE7CD002B29DB /* AsyncImageView.h */ = {isa = PBXFileReference; fileEncoding = 4; lastKnownFileType = sourcecode.c.h; path = AsyncImageView.h; sourceTree = "<group>"; };
		3478FFA3173EE7CD002B29DB /* AsyncImageView.m */ = {isa = PBXFileReference; fileEncoding = 4; lastKnownFileType = sourcecode.c.objc; path = AsyncImageView.m; sourceTree = "<group>"; };
		3478FFA6173FD747002B29DB /* QIProgressView.h */ = {isa = PBXFileReference; fileEncoding = 4; lastKnownFileType = sourcecode.c.h; path = QIProgressView.h; sourceTree = "<group>"; };
		3478FFA7173FD747002B29DB /* QIProgressView.m */ = {isa = PBXFileReference; fileEncoding = 4; lastKnownFileType = sourcecode.c.objc; path = QIProgressView.m; sourceTree = "<group>"; };
		3478FFAA1747C19D002B29DB /* QIMatchingQuizViewController.h */ = {isa = PBXFileReference; fileEncoding = 4; lastKnownFileType = sourcecode.c.h; path = QIMatchingQuizViewController.h; sourceTree = "<group>"; };
		3478FFAB1747C19D002B29DB /* QIMatchingQuizViewController.m */ = {isa = PBXFileReference; fileEncoding = 4; lastKnownFileType = sourcecode.c.objc; path = QIMatchingQuizViewController.m; sourceTree = "<group>"; };
		3478FFAD1747C1C6002B29DB /* QIMatchingQuizView.h */ = {isa = PBXFileReference; fileEncoding = 4; lastKnownFileType = sourcecode.c.h; path = QIMatchingQuizView.h; sourceTree = "<group>"; };
		3478FFAE1747C1C7002B29DB /* QIMatchingQuizView.m */ = {isa = PBXFileReference; fileEncoding = 4; lastKnownFileType = sourcecode.c.objc; path = QIMatchingQuizView.m; sourceTree = "<group>"; };
		3478FFB11750EFC1002B29DB /* cardquiz_answerholder.png */ = {isa = PBXFileReference; lastKnownFileType = image.png; path = cardquiz_answerholder.png; sourceTree = "<group>"; };
		3478FFB21750EFC1002B29DB /* cardquiz_answerholder@2x.png */ = {isa = PBXFileReference; lastKnownFileType = image.png; path = "cardquiz_answerholder@2x.png"; sourceTree = "<group>"; };
		3478FFB31750EFC1002B29DB /* cardquiz_businesscard.png */ = {isa = PBXFileReference; lastKnownFileType = image.png; path = cardquiz_businesscard.png; sourceTree = "<group>"; };
		3478FFB41750EFC1002B29DB /* cardquiz_businesscard@2x.png */ = {isa = PBXFileReference; lastKnownFileType = image.png; path = "cardquiz_businesscard@2x.png"; sourceTree = "<group>"; };
		3478FFB51750EFC1002B29DB /* cardquiz_reference.png */ = {isa = PBXFileReference; lastKnownFileType = image.png; path = cardquiz_reference.png; sourceTree = "<group>"; };
		3478FFB61750EFC1002B29DB /* cardquiz_reference@2x.png */ = {isa = PBXFileReference; lastKnownFileType = image.png; path = "cardquiz_reference@2x.png"; sourceTree = "<group>"; };
		3478FFB71750EFC1002B29DB /* cardquiz_tracker.png */ = {isa = PBXFileReference; lastKnownFileType = image.png; path = cardquiz_tracker.png; sourceTree = "<group>"; };
		3478FFB81750EFC1002B29DB /* cardquiz_tracker@2x.png */ = {isa = PBXFileReference; lastKnownFileType = image.png; path = "cardquiz_tracker@2x.png"; sourceTree = "<group>"; };
		3478FFBB1750EFC1002B29DB /* calendar_datebar.png */ = {isa = PBXFileReference; lastKnownFileType = image.png; path = calendar_datebar.png; sourceTree = "<group>"; };
		3478FFBC1750EFC1002B29DB /* calendar_datebar@2x.png */ = {isa = PBXFileReference; lastKnownFileType = image.png; path = "calendar_datebar@2x.png"; sourceTree = "<group>"; };
		3478FFBD1750EFC1002B29DB /* calendar_expand_btn.png */ = {isa = PBXFileReference; lastKnownFileType = image.png; path = calendar_expand_btn.png; sourceTree = "<group>"; };
		3478FFBE1750EFC1002B29DB /* calendar_expand_btn@2x.png */ = {isa = PBXFileReference; lastKnownFileType = image.png; path = "calendar_expand_btn@2x.png"; sourceTree = "<group>"; };
		3478FFBF1750EFC1002B29DB /* calendar_meetingtab.png */ = {isa = PBXFileReference; lastKnownFileType = image.png; path = calendar_meetingtab.png; sourceTree = "<group>"; };
		3478FFC01750EFC1002B29DB /* calendar_meetingtab@2x.png */ = {isa = PBXFileReference; lastKnownFileType = image.png; path = "calendar_meetingtab@2x.png"; sourceTree = "<group>"; };
		3478FFC11750EFC1002B29DB /* calendar_meetingtab_selected.png */ = {isa = PBXFileReference; lastKnownFileType = image.png; path = calendar_meetingtab_selected.png; sourceTree = "<group>"; };
		3478FFC21750EFC1002B29DB /* calendar_meetingtab_selected@2x.png */ = {isa = PBXFileReference; lastKnownFileType = image.png; path = "calendar_meetingtab_selected@2x.png"; sourceTree = "<group>"; };
		3478FFC31750EFC1002B29DB /* calendar_reference.png */ = {isa = PBXFileReference; lastKnownFileType = image.png; path = calendar_reference.png; sourceTree = "<group>"; };
		3478FFC41750EFC1002B29DB /* calendar_reference@2x.png */ = {isa = PBXFileReference; lastKnownFileType = image.png; path = "calendar_reference@2x.png"; sourceTree = "<group>"; };
		3478FFC51750EFC1002B29DB /* calendar_slitbottom.png */ = {isa = PBXFileReference; lastKnownFileType = image.png; path = calendar_slitbottom.png; sourceTree = "<group>"; };
		3478FFC61750EFC1002B29DB /* calendar_slitbottom@2x.png */ = {isa = PBXFileReference; lastKnownFileType = image.png; path = "calendar_slitbottom@2x.png"; sourceTree = "<group>"; };
		3478FFC71750EFC1002B29DB /* calendar_slittop.png */ = {isa = PBXFileReference; lastKnownFileType = image.png; path = calendar_slittop.png; sourceTree = "<group>"; };
		3478FFC81750EFC1002B29DB /* calendar_slittop@2x.png */ = {isa = PBXFileReference; lastKnownFileType = image.png; path = "calendar_slittop@2x.png"; sourceTree = "<group>"; };
		3478FFCA1750EFC1002B29DB /* Default-568h@2x.png */ = {isa = PBXFileReference; lastKnownFileType = image.png; path = "Default-568h@2x.png"; sourceTree = "<group>"; };
		3478FFCB1750EFC1002B29DB /* Default.png */ = {isa = PBXFileReference; lastKnownFileType = image.png; path = Default.png; sourceTree = "<group>"; };
		3478FFCC1750EFC1002B29DB /* Default@2x.png */ = {isa = PBXFileReference; lastKnownFileType = image.png; path = "Default@2x.png"; sourceTree = "<group>"; };
		3478FFCE1750EFC1002B29DB /* drag&drop_nameplate.png */ = {isa = PBXFileReference; lastKnownFileType = image.png; path = "drag&drop_nameplate.png"; sourceTree = "<group>"; };
		3478FFCF1750EFC1002B29DB /* drag&drop_nameplate@2x.png */ = {isa = PBXFileReference; lastKnownFileType = image.png; path = "drag&drop_nameplate@2x.png"; sourceTree = "<group>"; };
		3478FFD01750EFC1002B29DB /* drag&drop_pictureholder.png */ = {isa = PBXFileReference; lastKnownFileType = image.png; path = "drag&drop_pictureholder.png"; sourceTree = "<group>"; };
		3478FFD11750EFC1002B29DB /* drag&drop_pictureholder@2x.png */ = {isa = PBXFileReference; lastKnownFileType = image.png; path = "drag&drop_pictureholder@2x.png"; sourceTree = "<group>"; };
		3478FFD21750EFC1002B29DB /* drag&drop_reference.png */ = {isa = PBXFileReference; lastKnownFileType = image.png; path = "drag&drop_reference.png"; sourceTree = "<group>"; };
		3478FFD31750EFC1002B29DB /* drag&drop_reference@2x.png */ = {isa = PBXFileReference; lastKnownFileType = image.png; path = "drag&drop_reference@2x.png"; sourceTree = "<group>"; };
		3478FFD41750EFC1002B29DB /* drag&drop_smallcard.png */ = {isa = PBXFileReference; lastKnownFileType = image.png; path = "drag&drop_smallcard.png"; sourceTree = "<group>"; };
		3478FFD51750EFC1002B29DB /* drag&drop_smallcard@2x.png */ = {isa = PBXFileReference; lastKnownFileType = image.png; path = "drag&drop_smallcard@2x.png"; sourceTree = "<group>"; };
		3478FFD81750EFC1002B29DB /* connectionsquiz_lock_btn.png */ = {isa = PBXFileReference; lastKnownFileType = image.png; path = connectionsquiz_lock_btn.png; sourceTree = "<group>"; };
		3478FFD91750EFC1002B29DB /* connectionsquiz_lock_btn@2x.png */ = {isa = PBXFileReference; lastKnownFileType = image.png; path = "connectionsquiz_lock_btn@2x.png"; sourceTree = "<group>"; };
		3478FFDA1750EFC1002B29DB /* connectionsquiz_paperstack.png */ = {isa = PBXFileReference; lastKnownFileType = image.png; path = connectionsquiz_paperstack.png; sourceTree = "<group>"; };
		3478FFDB1750EFC1002B29DB /* connectionsquiz_paperstack@2x.png */ = {isa = PBXFileReference; lastKnownFileType = image.png; path = "connectionsquiz_paperstack@2x.png"; sourceTree = "<group>"; };
		3478FFDC1750EFC1002B29DB /* connectionsquiz_quizoptions_btn.png */ = {isa = PBXFileReference; lastKnownFileType = image.png; path = connectionsquiz_quizoptions_btn.png; sourceTree = "<group>"; };
		3478FFDD1750EFC1002B29DB /* connectionsquiz_quizoptions_btn@2x.png */ = {isa = PBXFileReference; lastKnownFileType = image.png; path = "connectionsquiz_quizoptions_btn@2x.png"; sourceTree = "<group>"; };
		3478FFDE1750EFC1002B29DB /* connectionsquiz_reference.png */ = {isa = PBXFileReference; lastKnownFileType = image.png; path = connectionsquiz_reference.png; sourceTree = "<group>"; };
		3478FFDF1750EFC1002B29DB /* connectionsquiz_reference@2x.png */ = {isa = PBXFileReference; lastKnownFileType = image.png; path = "connectionsquiz_reference@2x.png"; sourceTree = "<group>"; };
		3478FFE21750EFC1002B29DB /* connectionsquiz_paperstack.png */ = {isa = PBXFileReference; lastKnownFileType = image.png; path = connectionsquiz_paperstack.png; sourceTree = "<group>"; };
		3478FFE31750EFC1002B29DB /* connectionsquiz_paperstack@2x.png */ = {isa = PBXFileReference; lastKnownFileType = image.png; path = "connectionsquiz_paperstack@2x.png"; sourceTree = "<group>"; };
		3478FFE41750EFC1002B29DB /* connectionsquiz_takequiz_btn.png */ = {isa = PBXFileReference; lastKnownFileType = image.png; path = connectionsquiz_takequiz_btn.png; sourceTree = "<group>"; };
		3478FFE51750EFC1002B29DB /* connectionsquiz_takequiz_btn@2x.png */ = {isa = PBXFileReference; lastKnownFileType = image.png; path = "connectionsquiz_takequiz_btn@2x.png"; sourceTree = "<group>"; };
		3478FFE81750EFC1002B29DB /* multiplechoice_answer_btn.png */ = {isa = PBXFileReference; lastKnownFileType = image.png; path = multiplechoice_answer_btn.png; sourceTree = "<group>"; };
		3478FFE91750EFC1002B29DB /* multiplechoice_answer_btn_@2x.png */ = {isa = PBXFileReference; lastKnownFileType = image.png; path = "multiplechoice_answer_btn_@2x.png"; sourceTree = "<group>"; };
		3478FFEA1750EFC1002B29DB /* multiplechoice_answer_btn_pressed.png */ = {isa = PBXFileReference; lastKnownFileType = image.png; path = multiplechoice_answer_btn_pressed.png; sourceTree = "<group>"; };
		3478FFEB1750EFC1002B29DB /* multiplechoice_answer_btn_pressed@2x.png */ = {isa = PBXFileReference; lastKnownFileType = image.png; path = "multiplechoice_answer_btn_pressed@2x.png"; sourceTree = "<group>"; };
		3478FFEC1750EFC1002B29DB /* multiplechoice_pictureholder.png */ = {isa = PBXFileReference; lastKnownFileType = image.png; path = multiplechoice_pictureholder.png; sourceTree = "<group>"; };
		3478FFED1750EFC1002B29DB /* multiplechoice_pictureholder@2x.png */ = {isa = PBXFileReference; lastKnownFileType = image.png; path = "multiplechoice_pictureholder@2x.png"; sourceTree = "<group>"; };
		3478FFEE1750EFC1002B29DB /* multiplechoice_reference.png */ = {isa = PBXFileReference; lastKnownFileType = image.png; path = multiplechoice_reference.png; sourceTree = "<group>"; };
		3478FFEF1750EFC1002B29DB /* multiplechoice_reference@2x.png */ = {isa = PBXFileReference; lastKnownFileType = image.png; path = "multiplechoice_reference@2x.png"; sourceTree = "<group>"; };
		3478FFF21750EFC1002B29DB /* placeholderHead.png */ = {isa = PBXFileReference; lastKnownFileType = image.png; path = placeholderHead.png; sourceTree = "<group>"; };
		3478FFF31750EFC1002B29DB /* placeholderHead@2x.png */ = {isa = PBXFileReference; lastKnownFileType = image.png; path = "placeholderHead@2x.png"; sourceTree = "<group>"; };
		3478FFF51750EFC1002B29DB /* Icon */ = {isa = PBXFileReference; fileEncoding = 4; lastKnownFileType = text; path = "Icon"; sourceTree = "<group>"; };
		3478FFF61750EFC1002B29DB /* LinkedInAppv10.psd */ = {isa = PBXFileReference; lastKnownFileType = file; path = LinkedInAppv10.psd; sourceTree = "<group>"; };
		3478FFF71750EFC1002B29DB /* LinkedInAppv7 (1).psd */ = {isa = PBXFileReference; lastKnownFileType = file; path = "LinkedInAppv7 (1).psd"; sourceTree = "<group>"; };
		3478FFF81750EFC1002B29DB /* LinkedInAppv8 (1).psd */ = {isa = PBXFileReference; lastKnownFileType = file; path = "LinkedInAppv8 (1).psd"; sourceTree = "<group>"; };
		3478FFF91750EFC1002B29DB /* LinkedInAppv9.psd */ = {isa = PBXFileReference; lastKnownFileType = file; path = LinkedInAppv9.psd; sourceTree = "<group>"; };
		3478FFFB1750EFC1002B29DB /* connectionsquiz_takequiz_btn.png */ = {isa = PBXFileReference; lastKnownFileType = image.png; path = connectionsquiz_takequiz_btn.png; sourceTree = "<group>"; };
		3478FFFC1750EFC1002B29DB /* connectionsquiz_takequiz_btn@2x.png */ = {isa = PBXFileReference; lastKnownFileType = image.png; path = "connectionsquiz_takequiz_btn@2x.png"; sourceTree = "<group>"; };
		3478FFFD1750EFC1002B29DB /* quizin_bg.png */ = {isa = PBXFileReference; lastKnownFileType = image.png; path = quizin_bg.png; sourceTree = "<group>"; };
		3478FFFE1750EFC1002B29DB /* quizin_bg@2x.png */ = {isa = PBXFileReference; lastKnownFileType = image.png; path = "quizin_bg@2x.png"; sourceTree = "<group>"; };
		3478FFFF1750EFC1002B29DB /* quizin_divider.png */ = {isa = PBXFileReference; lastKnownFileType = image.png; path = quizin_divider.png; sourceTree = "<group>"; };
		349248171733603D000AE6D1 /* QIStatsTracker.h */ = {isa = PBXFileReference; fileEncoding = 4; lastKnownFileType = sourcecode.c.h; path = QIStatsTracker.h; sourceTree = "<group>"; };
		349248181733603D000AE6D1 /* QIStatsTracker.m */ = {isa = PBXFileReference; fileEncoding = 4; lastKnownFileType = sourcecode.c.objc; path = QIStatsTracker.m; sourceTree = "<group>"; };
		34EF1F9D172E2DC80019D6F7 /* Scratch.xib */ = {isa = PBXFileReference; fileEncoding = 4; lastKnownFileType = file.xib; path = Scratch.xib; sourceTree = "<group>"; };
		34F01A32172DB2F60056A76A /* QIBusinessCardQuizView.h */ = {isa = PBXFileReference; fileEncoding = 4; lastKnownFileType = sourcecode.c.h; path = QIBusinessCardQuizView.h; sourceTree = "<group>"; };
		34F01A33172DB2F60056A76A /* QIBusinessCardQuizView.m */ = {isa = PBXFileReference; fileEncoding = 4; lastKnownFileType = sourcecode.c.objc; path = QIBusinessCardQuizView.m; sourceTree = "<group>"; };
		34F01A34172DB2F60056A76A /* QIBusinessCardViewController.h */ = {isa = PBXFileReference; fileEncoding = 4; lastKnownFileType = sourcecode.c.h; path = QIBusinessCardViewController.h; sourceTree = "<group>"; };
		34F01A35172DB2F60056A76A /* QIBusinessCardViewController.m */ = {isa = PBXFileReference; fileEncoding = 4; lastKnownFileType = sourcecode.c.objc; path = QIBusinessCardViewController.m; sourceTree = "<group>"; };
		634CC7A981E449658DD30D1E /* libPods.a */ = {isa = PBXFileReference; explicitFileType = archive.ar; includeInIndex = 0; path = libPods.a; sourceTree = BUILT_PRODUCTS_DIR; };
		7F88557B297046AD9AF083B1 /* Pods.xcconfig */ = {isa = PBXFileReference; includeInIndex = 1; lastKnownFileType = text.xcconfig; name = Pods.xcconfig; path = Pods/Pods.xcconfig; sourceTree = SOURCE_ROOT; };
		880870E016FBD31800D09848 /* en */ = {isa = PBXFileReference; lastKnownFileType = text.plist.strings; name = en; path = en.lproj/InfoPlist.strings; sourceTree = "<group>"; };
		880870E116FBD31800D09848 /* QuizIn-Info.plist */ = {isa = PBXFileReference; fileEncoding = 4; lastKnownFileType = text.plist.xml; path = "QuizIn-Info.plist"; sourceTree = "<group>"; };
		880870EB16FBD32200D09848 /* QuizIn.xcdatamodel */ = {isa = PBXFileReference; lastKnownFileType = wrapper.xcdatamodel; path = QuizIn.xcdatamodel; sourceTree = "<group>"; };
		880870F216FBD32E00D09848 /* QIAppDelegate.h */ = {isa = PBXFileReference; fileEncoding = 4; lastKnownFileType = sourcecode.c.h; path = QIAppDelegate.h; sourceTree = "<group>"; };
		880870F316FBD32E00D09848 /* QIAppDelegate.m */ = {isa = PBXFileReference; fileEncoding = 4; lastKnownFileType = sourcecode.c.objc; path = QIAppDelegate.m; sourceTree = "<group>"; };
		880870F516FBD32E00D09848 /* main.m */ = {isa = PBXFileReference; fileEncoding = 4; lastKnownFileType = sourcecode.c.objc; path = main.m; sourceTree = "<group>"; };
		880870F616FBD32E00D09848 /* QuizIn-Prefix.pch */ = {isa = PBXFileReference; fileEncoding = 4; lastKnownFileType = sourcecode.c.h; path = "QuizIn-Prefix.pch"; sourceTree = "<group>"; };
		880870F916FBD3A800D09848 /* QIApplicationViewController.h */ = {isa = PBXFileReference; fileEncoding = 4; lastKnownFileType = sourcecode.c.h; path = QIApplicationViewController.h; sourceTree = "<group>"; };
		880870FA16FBD3A800D09848 /* QIApplicationViewController.m */ = {isa = PBXFileReference; fileEncoding = 4; lastKnownFileType = sourcecode.c.objc; path = QIApplicationViewController.m; sourceTree = "<group>"; };
		881EAF9016FBD08B0041AD55 /* QuizIn.app */ = {isa = PBXFileReference; explicitFileType = wrapper.application; includeInIndex = 0; path = QuizIn.app; sourceTree = BUILT_PRODUCTS_DIR; };
		881EAF9316FBD08B0041AD55 /* UIKit.framework */ = {isa = PBXFileReference; lastKnownFileType = wrapper.framework; name = UIKit.framework; path = System/Library/Frameworks/UIKit.framework; sourceTree = SDKROOT; };
		881EAF9516FBD08B0041AD55 /* Foundation.framework */ = {isa = PBXFileReference; lastKnownFileType = wrapper.framework; name = Foundation.framework; path = System/Library/Frameworks/Foundation.framework; sourceTree = SDKROOT; };
		881EAF9716FBD08B0041AD55 /* CoreGraphics.framework */ = {isa = PBXFileReference; lastKnownFileType = wrapper.framework; name = CoreGraphics.framework; path = System/Library/Frameworks/CoreGraphics.framework; sourceTree = SDKROOT; };
		881EAF9916FBD08B0041AD55 /* CoreData.framework */ = {isa = PBXFileReference; lastKnownFileType = wrapper.framework; name = CoreData.framework; path = System/Library/Frameworks/CoreData.framework; sourceTree = SDKROOT; };
		881EAFC116FBD08B0041AD55 /* QuizInTests.octest */ = {isa = PBXFileReference; explicitFileType = wrapper.cfbundle; includeInIndex = 0; path = QuizInTests.octest; sourceTree = BUILT_PRODUCTS_DIR; };
		881EAFC216FBD08B0041AD55 /* SenTestingKit.framework */ = {isa = PBXFileReference; lastKnownFileType = wrapper.framework; name = SenTestingKit.framework; path = Library/Frameworks/SenTestingKit.framework; sourceTree = DEVELOPER_DIR; };
		881EAFCB16FBD08B0041AD55 /* QuizInTests-Info.plist */ = {isa = PBXFileReference; lastKnownFileType = text.plist.xml; path = "QuizInTests-Info.plist"; sourceTree = "<group>"; };
		881EAFCD16FBD08B0041AD55 /* en */ = {isa = PBXFileReference; lastKnownFileType = text.plist.strings; name = en; path = en.lproj/InfoPlist.strings; sourceTree = "<group>"; };
		881EAFCF16FBD08B0041AD55 /* QuizInTests.h */ = {isa = PBXFileReference; lastKnownFileType = sourcecode.c.h; path = QuizInTests.h; sourceTree = "<group>"; };
		881EAFD016FBD08B0041AD55 /* QuizInTests.m */ = {isa = PBXFileReference; lastKnownFileType = sourcecode.c.objc; path = QuizInTests.m; sourceTree = "<group>"; };
		88867969172D53F700DCE3D0 /* QIHomeViewController.h */ = {isa = PBXFileReference; fileEncoding = 4; lastKnownFileType = sourcecode.c.h; path = QIHomeViewController.h; sourceTree = "<group>"; };
		8886796A172D53F700DCE3D0 /* QIHomeViewController.m */ = {isa = PBXFileReference; fileEncoding = 4; lastKnownFileType = sourcecode.c.objc; path = QIHomeViewController.m; sourceTree = "<group>"; };
		8886796C172D540700DCE3D0 /* QIHomeView.h */ = {isa = PBXFileReference; fileEncoding = 4; lastKnownFileType = sourcecode.c.h; path = QIHomeView.h; sourceTree = "<group>"; };
		8886796D172D540700DCE3D0 /* QIHomeView.m */ = {isa = PBXFileReference; fileEncoding = 4; lastKnownFileType = sourcecode.c.objc; path = QIHomeView.m; sourceTree = "<group>"; };
		88867973172D572F00DCE3D0 /* QIDrawerController.h */ = {isa = PBXFileReference; fileEncoding = 4; lastKnownFileType = sourcecode.c.h; path = QIDrawerController.h; sourceTree = "<group>"; };
		88867974172D572F00DCE3D0 /* QIDrawerController.m */ = {isa = PBXFileReference; fileEncoding = 4; lastKnownFileType = sourcecode.c.objc; path = QIDrawerController.m; sourceTree = "<group>"; };
		88867976172D574C00DCE3D0 /* QIDrawerView.h */ = {isa = PBXFileReference; fileEncoding = 4; lastKnownFileType = sourcecode.c.h; path = QIDrawerView.h; sourceTree = "<group>"; };
		88867977172D574C00DCE3D0 /* QIDrawerView.m */ = {isa = PBXFileReference; fileEncoding = 4; lastKnownFileType = sourcecode.c.objc; path = QIDrawerView.m; sourceTree = "<group>"; };
		8886797A172D6AF700DCE3D0 /* AKGTMOAuth2Account.h */ = {isa = PBXFileReference; fileEncoding = 4; lastKnownFileType = sourcecode.c.h; path = AKGTMOAuth2Account.h; sourceTree = "<group>"; };
		8886797B172D6AF700DCE3D0 /* AKGTMOAuth2Account.m */ = {isa = PBXFileReference; fileEncoding = 4; lastKnownFileType = sourcecode.c.objc; path = AKGTMOAuth2Account.m; sourceTree = "<group>"; };
		8886797C172D6AF700DCE3D0 /* AKGTMOAuth2AuthController.h */ = {isa = PBXFileReference; fileEncoding = 4; lastKnownFileType = sourcecode.c.h; path = AKGTMOAuth2AuthController.h; sourceTree = "<group>"; };
		8886797D172D6AF700DCE3D0 /* AKGTMOAuth2AuthController.m */ = {isa = PBXFileReference; fileEncoding = 4; lastKnownFileType = sourcecode.c.objc; path = AKGTMOAuth2AuthController.m; sourceTree = "<group>"; };
		8886797E172D6AF700DCE3D0 /* AKOAuth2Account.h */ = {isa = PBXFileReference; fileEncoding = 4; lastKnownFileType = sourcecode.c.h; path = AKOAuth2Account.h; sourceTree = "<group>"; };
		8886797F172D6AF700DCE3D0 /* AKOAuth2Account.m */ = {isa = PBXFileReference; fileEncoding = 4; lastKnownFileType = sourcecode.c.objc; path = AKOAuth2Account.m; sourceTree = "<group>"; };
		88867980172D6AF700DCE3D0 /* AKOAuth2AccountCredential.h */ = {isa = PBXFileReference; fileEncoding = 4; lastKnownFileType = sourcecode.c.h; path = AKOAuth2AccountCredential.h; sourceTree = "<group>"; };
		88867981172D6AF700DCE3D0 /* AKOAuth2AccountCredential.m */ = {isa = PBXFileReference; fileEncoding = 4; lastKnownFileType = sourcecode.c.objc; path = AKOAuth2AccountCredential.m; sourceTree = "<group>"; };
		88867982172D6AF700DCE3D0 /* QIAccountStore.h */ = {isa = PBXFileReference; fileEncoding = 4; lastKnownFileType = sourcecode.c.h; path = QIAccountStore.h; sourceTree = "<group>"; };
		88867983172D6AF700DCE3D0 /* QIAccountStore.m */ = {isa = PBXFileReference; fileEncoding = 4; lastKnownFileType = sourcecode.c.objc; path = QIAccountStore.m; sourceTree = "<group>"; };
		88867984172D6AF700DCE3D0 /* AKGoogleAuthController.h */ = {isa = PBXFileReference; fileEncoding = 4; lastKnownFileType = sourcecode.c.h; path = AKGoogleAuthController.h; sourceTree = "<group>"; };
		88867985172D6AF700DCE3D0 /* AKGoogleAuthController.m */ = {isa = PBXFileReference; fileEncoding = 4; lastKnownFileType = sourcecode.c.objc; path = AKGoogleAuthController.m; sourceTree = "<group>"; };
		88867986172D6AF700DCE3D0 /* AKLinkedInAuthController.h */ = {isa = PBXFileReference; fileEncoding = 4; lastKnownFileType = sourcecode.c.h; path = AKLinkedInAuthController.h; sourceTree = "<group>"; };
		88867987172D6AF700DCE3D0 /* AKLinkedInAuthController.m */ = {isa = PBXFileReference; fileEncoding = 4; lastKnownFileType = sourcecode.c.objc; path = AKLinkedInAuthController.m; sourceTree = "<group>"; };
		88867989172D6AF800DCE3D0 /* LIHTTPClient.h */ = {isa = PBXFileReference; fileEncoding = 4; lastKnownFileType = sourcecode.c.h; path = LIHTTPClient.h; sourceTree = "<group>"; };
		8886798A172D6AF800DCE3D0 /* LIHTTPClient.m */ = {isa = PBXFileReference; fileEncoding = 4; lastKnownFileType = sourcecode.c.objc; path = LIHTTPClient.m; sourceTree = "<group>"; };
		8886798B172D6AF800DCE3D0 /* LinkedIn.h */ = {isa = PBXFileReference; fileEncoding = 4; lastKnownFileType = sourcecode.c.h; path = LinkedIn.h; sourceTree = "<group>"; };
		8886798C172D6AF800DCE3D0 /* LinkedIn.m */ = {isa = PBXFileReference; fileEncoding = 4; lastKnownFileType = sourcecode.c.objc; path = LinkedIn.m; sourceTree = "<group>"; };
		88867996172D6D1B00DCE3D0 /* SystemConfiguration.framework */ = {isa = PBXFileReference; lastKnownFileType = wrapper.framework; name = SystemConfiguration.framework; path = System/Library/Frameworks/SystemConfiguration.framework; sourceTree = SDKROOT; };
		88867998172D6D6C00DCE3D0 /* MobileCoreServices.framework */ = {isa = PBXFileReference; lastKnownFileType = wrapper.framework; name = MobileCoreServices.framework; path = System/Library/Frameworks/MobileCoreServices.framework; sourceTree = SDKROOT; };
		8886799F172DCDA600DCE3D0 /* QIQuizViewController.h */ = {isa = PBXFileReference; fileEncoding = 4; lastKnownFileType = sourcecode.c.h; path = QIQuizViewController.h; sourceTree = "<group>"; };
		888679A0172DCDA600DCE3D0 /* QIQuizViewController.m */ = {isa = PBXFileReference; fileEncoding = 4; lastKnownFileType = sourcecode.c.objc; path = QIQuizViewController.m; sourceTree = "<group>"; };
		888679A2172DCE2700DCE3D0 /* QIQuizView.h */ = {isa = PBXFileReference; fileEncoding = 4; lastKnownFileType = sourcecode.c.h; path = QIQuizView.h; sourceTree = "<group>"; };
		888679A3172DCE2700DCE3D0 /* QIQuizView.m */ = {isa = PBXFileReference; fileEncoding = 4; lastKnownFileType = sourcecode.c.objc; path = QIQuizView.m; sourceTree = "<group>"; };
		888679A6172DD5B000DCE3D0 /* QIMultipleChoiceQuizViewController.h */ = {isa = PBXFileReference; fileEncoding = 4; lastKnownFileType = sourcecode.c.h; path = QIMultipleChoiceQuizViewController.h; sourceTree = "<group>"; };
		888679A7172DD5B000DCE3D0 /* QIMultipleChoiceQuizViewController.m */ = {isa = PBXFileReference; fileEncoding = 4; lastKnownFileType = sourcecode.c.objc; path = QIMultipleChoiceQuizViewController.m; sourceTree = "<group>"; };
		888679A9172DD5DA00DCE3D0 /* QIMultipleChoiceQuizView.h */ = {isa = PBXFileReference; fileEncoding = 4; lastKnownFileType = sourcecode.c.h; path = QIMultipleChoiceQuizView.h; sourceTree = "<group>"; };
		888679AA172DD5DA00DCE3D0 /* QIMultipleChoiceQuizView.m */ = {isa = PBXFileReference; fileEncoding = 4; lastKnownFileType = sourcecode.c.objc; path = QIMultipleChoiceQuizView.m; sourceTree = "<group>"; };
		9FBC9C5A17163062009BA34C /* QuartzCore.framework */ = {isa = PBXFileReference; lastKnownFileType = wrapper.framework; name = QuartzCore.framework; path = System/Library/Frameworks/QuartzCore.framework; sourceTree = SDKROOT; };
/* End PBXFileReference section */

/* Begin PBXFrameworksBuildPhase section */
		881EAF8D16FBD08B0041AD55 /* Frameworks */ = {
			isa = PBXFrameworksBuildPhase;
			buildActionMask = 2147483647;
			files = (
				88867999172D6D6C00DCE3D0 /* MobileCoreServices.framework in Frameworks */,
				88867997172D6D1B00DCE3D0 /* SystemConfiguration.framework in Frameworks */,
				9FBC9C5B17163062009BA34C /* QuartzCore.framework in Frameworks */,
				881EAF9416FBD08B0041AD55 /* UIKit.framework in Frameworks */,
				881EAF9616FBD08B0041AD55 /* Foundation.framework in Frameworks */,
				881EAF9816FBD08B0041AD55 /* CoreGraphics.framework in Frameworks */,
				881EAF9A16FBD08B0041AD55 /* CoreData.framework in Frameworks */,
				12F4E77333594484A0C343D9 /* libPods.a in Frameworks */,
			);
			runOnlyForDeploymentPostprocessing = 0;
		};
		881EAFBD16FBD08B0041AD55 /* Frameworks */ = {
			isa = PBXFrameworksBuildPhase;
			buildActionMask = 2147483647;
			files = (
				881EAFC316FBD08B0041AD55 /* SenTestingKit.framework in Frameworks */,
				881EAFC416FBD08B0041AD55 /* UIKit.framework in Frameworks */,
				881EAFC516FBD08B0041AD55 /* Foundation.framework in Frameworks */,
				881EAFC616FBD08B0041AD55 /* CoreData.framework in Frameworks */,
			);
			runOnlyForDeploymentPostprocessing = 0;
		};
/* End PBXFrameworksBuildPhase section */

/* Begin PBXGroup section */
		340896B617513D4D00398230 /* Fonts */ = {
			isa = PBXGroup;
			children = (
				340896B91751443800398230 /* tahomabd.ttf */,
				340896B717513D4D00398230 /* Tahoma.ttf */,
			);
			path = Fonts;
			sourceTree = "<group>";
		};
		3478FF9B173EE193002B29DB /* Documents */ = {
			isa = PBXGroup;
			children = (
				3478FF9E173EE237002B29DB /* High-level diagram.pdf */,
			);
			path = Documents;
			sourceTree = "<group>";
		};
		3478FFA0173EE7CC002B29DB /* Helper Functions */ = {
			isa = PBXGroup;
			children = (
				3478FFA1173EE7CD002B29DB /* AsyncImageView */,
			);
			path = "Helper Functions";
			sourceTree = "<group>";
		};
		3478FFA1173EE7CD002B29DB /* AsyncImageView */ = {
			isa = PBXGroup;
			children = (
				3478FFA2173EE7CD002B29DB /* AsyncImageView.h */,
				3478FFA3173EE7CD002B29DB /* AsyncImageView.m */,
			);
			path = AsyncImageView;
			sourceTree = "<group>";
		};
		3478FFA5173FD6BF002B29DB /* ProgressView */ = {
			isa = PBXGroup;
			children = (
				3478FFA6173FD747002B29DB /* QIProgressView.h */,
				3478FFA7173FD747002B29DB /* QIProgressView.m */,
			);
			path = ProgressView;
			sourceTree = "<group>";
		};
		3478FFA91747C153002B29DB /* Matching */ = {
			isa = PBXGroup;
			children = (
				3478FFAA1747C19D002B29DB /* QIMatchingQuizViewController.h */,
				3478FFAB1747C19D002B29DB /* QIMatchingQuizViewController.m */,
				3478FFAD1747C1C6002B29DB /* QIMatchingQuizView.h */,
				3478FFAE1747C1C7002B29DB /* QIMatchingQuizView.m */,
			);
			path = Matching;
			sourceTree = "<group>";
		};
		3478FFB01750EFC1002B29DB /* BusinessCard Quiz */ = {
			isa = PBXGroup;
			children = (
				3478FFB11750EFC1002B29DB /* cardquiz_answerholder.png */,
				3478FFB21750EFC1002B29DB /* cardquiz_answerholder@2x.png */,
				3478FFB31750EFC1002B29DB /* cardquiz_businesscard.png */,
				3478FFB41750EFC1002B29DB /* cardquiz_businesscard@2x.png */,
				3478FFB51750EFC1002B29DB /* cardquiz_reference.png */,
				3478FFB61750EFC1002B29DB /* cardquiz_reference@2x.png */,
				3478FFB71750EFC1002B29DB /* cardquiz_tracker.png */,
				3478FFB81750EFC1002B29DB /* cardquiz_tracker@2x.png */,
			);
			path = "BusinessCard Quiz";
			sourceTree = "<group>";
		};
		3478FFBA1750EFC1002B29DB /* Calendar */ = {
			isa = PBXGroup;
			children = (
				3478FFBB1750EFC1002B29DB /* calendar_datebar.png */,
				3478FFBC1750EFC1002B29DB /* calendar_datebar@2x.png */,
				3478FFBD1750EFC1002B29DB /* calendar_expand_btn.png */,
				3478FFBE1750EFC1002B29DB /* calendar_expand_btn@2x.png */,
				3478FFBF1750EFC1002B29DB /* calendar_meetingtab.png */,
				3478FFC01750EFC1002B29DB /* calendar_meetingtab@2x.png */,
				3478FFC11750EFC1002B29DB /* calendar_meetingtab_selected.png */,
				3478FFC21750EFC1002B29DB /* calendar_meetingtab_selected@2x.png */,
				3478FFC31750EFC1002B29DB /* calendar_reference.png */,
				3478FFC41750EFC1002B29DB /* calendar_reference@2x.png */,
				3478FFC51750EFC1002B29DB /* calendar_slitbottom.png */,
				3478FFC61750EFC1002B29DB /* calendar_slitbottom@2x.png */,
				3478FFC71750EFC1002B29DB /* calendar_slittop.png */,
				3478FFC81750EFC1002B29DB /* calendar_slittop@2x.png */,
			);
			path = Calendar;
			sourceTree = "<group>";
		};
		3478FFCD1750EFC1002B29DB /* Drag&Drop */ = {
			isa = PBXGroup;
			children = (
				3478FFCE1750EFC1002B29DB /* drag&drop_nameplate.png */,
				3478FFCF1750EFC1002B29DB /* drag&drop_nameplate@2x.png */,
				3478FFD01750EFC1002B29DB /* drag&drop_pictureholder.png */,
				3478FFD11750EFC1002B29DB /* drag&drop_pictureholder@2x.png */,
				3478FFD21750EFC1002B29DB /* drag&drop_reference.png */,
				3478FFD31750EFC1002B29DB /* drag&drop_reference@2x.png */,
				3478FFD41750EFC1002B29DB /* drag&drop_smallcard.png */,
				3478FFD51750EFC1002B29DB /* drag&drop_smallcard@2x.png */,
			);
			path = "Drag&Drop";
			sourceTree = "<group>";
		};
		3478FFD71750EFC1002B29DB /* Home */ = {
			isa = PBXGroup;
			children = (
				3478FFD81750EFC1002B29DB /* connectionsquiz_lock_btn.png */,
				3478FFD91750EFC1002B29DB /* connectionsquiz_lock_btn@2x.png */,
				3478FFDA1750EFC1002B29DB /* connectionsquiz_paperstack.png */,
				3478FFDB1750EFC1002B29DB /* connectionsquiz_paperstack@2x.png */,
				3478FFDC1750EFC1002B29DB /* connectionsquiz_quizoptions_btn.png */,
				3478FFDD1750EFC1002B29DB /* connectionsquiz_quizoptions_btn@2x.png */,
				3478FFDE1750EFC1002B29DB /* connectionsquiz_reference.png */,
				3478FFDF1750EFC1002B29DB /* connectionsquiz_reference@2x.png */,
			);
			path = Home;
			sourceTree = "<group>";
		};
		3478FFE11750EFC1002B29DB /* HomeView */ = {
			isa = PBXGroup;
			children = (
				3478FFE21750EFC1002B29DB /* connectionsquiz_paperstack.png */,
				3478FFE31750EFC1002B29DB /* connectionsquiz_paperstack@2x.png */,
				3478FFE41750EFC1002B29DB /* connectionsquiz_takequiz_btn.png */,
				3478FFE51750EFC1002B29DB /* connectionsquiz_takequiz_btn@2x.png */,
			);
			path = HomeView;
			sourceTree = "<group>";
		};
		3478FFE61750EFC1002B29DB /* Multiple Choice */ = {
			isa = PBXGroup;
			children = (
				3478FFE81750EFC1002B29DB /* multiplechoice_answer_btn.png */,
				3478FFE91750EFC1002B29DB /* multiplechoice_answer_btn_@2x.png */,
				3478FFEA1750EFC1002B29DB /* multiplechoice_answer_btn_pressed.png */,
				3478FFEB1750EFC1002B29DB /* multiplechoice_answer_btn_pressed@2x.png */,
				3478FFEC1750EFC1002B29DB /* multiplechoice_pictureholder.png */,
				3478FFED1750EFC1002B29DB /* multiplechoice_pictureholder@2x.png */,
				3478FFEE1750EFC1002B29DB /* multiplechoice_reference.png */,
				3478FFEF1750EFC1002B29DB /* multiplechoice_reference@2x.png */,
				3478FFF21750EFC1002B29DB /* placeholderHead.png */,
				3478FFF31750EFC1002B29DB /* placeholderHead@2x.png */,
			);
			path = "Multiple Choice";
			sourceTree = "<group>";
		};
		3478FFF41750EFC1002B29DB /* PSDs */ = {
			isa = PBXGroup;
			children = (
				3478FFF51750EFC1002B29DB /* Icon */,
				3478FFF61750EFC1002B29DB /* LinkedInAppv10.psd */,
				3478FFF71750EFC1002B29DB /* LinkedInAppv7 (1).psd */,
				3478FFF81750EFC1002B29DB /* LinkedInAppv8 (1).psd */,
				3478FFF91750EFC1002B29DB /* LinkedInAppv9.psd */,
			);
			path = PSDs;
			sourceTree = "<group>";
		};
		3478FFFA1750EFC1002B29DB /* Shared Images */ = {
			isa = PBXGroup;
			children = (
				340896BF175175EC00398230 /* progressView_progress.png */,
				340896C0175175EC00398230 /* progressView_progress@2x.png */,
				340896BB1751712400398230 /* progressView_tracker.png */,
				340896BC1751712500398230 /* progressView_tracker@2x.png */,
				3478FFFB1750EFC1002B29DB /* connectionsquiz_takequiz_btn.png */,
				3478FFFC1750EFC1002B29DB /* connectionsquiz_takequiz_btn@2x.png */,
				3478FFFD1750EFC1002B29DB /* quizin_bg.png */,
				3478FFFE1750EFC1002B29DB /* quizin_bg@2x.png */,
				3478FFFF1750EFC1002B29DB /* quizin_divider.png */,
				347800001750EFC1002B29DB /* quizin_divider@2x.png */,
				347800011750EFC1002B29DB /* quizin_exit_btn.png */,
				347800021750EFC1002B29DB /* quizin_exit_btn@2x.png */,
				347800031750EFC1002B29DB /* quizin_headerbar.png */,
				347800041750EFC1002B29DB /* quizin_headerbar@2x.png */,
			);
			path = "Shared Images";
			sourceTree = "<group>";
		};
		3492481617335FCC000AE6D1 /* StatTracker */ = {
			isa = PBXGroup;
			children = (
				349248171733603D000AE6D1 /* QIStatsTracker.h */,
				349248181733603D000AE6D1 /* QIStatsTracker.m */,
			);
			path = StatTracker;
			sourceTree = "<group>";
		};
		880870DE16FBD31800D09848 /* Supporting Files */ = {
			isa = PBXGroup;
			children = (
				880870DF16FBD31800D09848 /* InfoPlist.strings */,
				880870E116FBD31800D09848 /* QuizIn-Info.plist */,
			);
			path = "Supporting Files";
			sourceTree = "<group>";
		};
		880870E416FBD32200D09848 /* Resources */ = {
			isa = PBXGroup;
			children = (
				340896B617513D4D00398230 /* Fonts */,
				3478FF9B173EE193002B29DB /* Documents */,
				880870E516FBD32200D09848 /* Images */,
				880870E916FBD32200D09848 /* Model */,
			);
			path = Resources;
			sourceTree = "<group>";
		};
		880870E516FBD32200D09848 /* Images */ = {
			isa = PBXGroup;
			children = (
				3478FFCA1750EFC1002B29DB /* Default-568h@2x.png */,
				3478FFCB1750EFC1002B29DB /* Default.png */,
				3478FFCC1750EFC1002B29DB /* Default@2x.png */,
				3478FFE61750EFC1002B29DB /* Multiple Choice */,
				3478FFCD1750EFC1002B29DB /* Drag&Drop */,
				3478FFB01750EFC1002B29DB /* BusinessCard Quiz */,
				3478FFBA1750EFC1002B29DB /* Calendar */,
				3478FFD71750EFC1002B29DB /* Home */,
				3478FFE11750EFC1002B29DB /* HomeView */,
				3478FFF41750EFC1002B29DB /* PSDs */,
				3478FFFA1750EFC1002B29DB /* Shared Images */,
			);
			path = Images;
			sourceTree = "<group>";
		};
		880870E916FBD32200D09848 /* Model */ = {
			isa = PBXGroup;
			children = (
				880870EA16FBD32200D09848 /* QuizIn.xcdatamodeld */,
			);
			path = Model;
			sourceTree = "<group>";
		};
		880870F016FBD32E00D09848 /* Source */ = {
			isa = PBXGroup;
			children = (
				880870F116FBD32E00D09848 /* Classes */,
				880870F516FBD32E00D09848 /* main.m */,
				880870F616FBD32E00D09848 /* QuizIn-Prefix.pch */,
			);
			path = Source;
			sourceTree = "<group>";
		};
		880870F116FBD32E00D09848 /* Classes */ = {
			isa = PBXGroup;
			children = (
				3478FFA0173EE7CC002B29DB /* Helper Functions */,
				3492481617335FCC000AE6D1 /* StatTracker */,
				88867979172D6AF700DCE3D0 /* Auth */,
				88867988172D6AF700DCE3D0 /* Communication */,
				880870F416FBD32E00D09848 /* UI */,
				880870F216FBD32E00D09848 /* QIAppDelegate.h */,
				880870F316FBD32E00D09848 /* QIAppDelegate.m */,
			);
			path = Classes;
			sourceTree = "<group>";
		};
		880870F416FBD32E00D09848 /* UI */ = {
			isa = PBXGroup;
			children = (
				88867972172D572F00DCE3D0 /* Drawer */,
				88867961172D521C00DCE3D0 /* Screens */,
				880870F916FBD3A800D09848 /* QIApplicationViewController.h */,
				880870FA16FBD3A800D09848 /* QIApplicationViewController.m */,
			);
			path = UI;
			sourceTree = "<group>";
		};
		881EAF8716FBD08B0041AD55 = {
			isa = PBXGroup;
			children = (
				881EAF9B16FBD08B0041AD55 /* QuizIn */,
				881EAFC916FBD08B0041AD55 /* QuizInTests */,
				881EAF9216FBD08B0041AD55 /* Frameworks */,
				881EAF9116FBD08B0041AD55 /* Products */,
				7F88557B297046AD9AF083B1 /* Pods.xcconfig */,
			);
			sourceTree = "<group>";
		};
		881EAF9116FBD08B0041AD55 /* Products */ = {
			isa = PBXGroup;
			children = (
				881EAF9016FBD08B0041AD55 /* QuizIn.app */,
				881EAFC116FBD08B0041AD55 /* QuizInTests.octest */,
			);
			name = Products;
			sourceTree = "<group>";
		};
		881EAF9216FBD08B0041AD55 /* Frameworks */ = {
			isa = PBXGroup;
			children = (
				88867998172D6D6C00DCE3D0 /* MobileCoreServices.framework */,
				88867996172D6D1B00DCE3D0 /* SystemConfiguration.framework */,
				9FBC9C5A17163062009BA34C /* QuartzCore.framework */,
				881EAF9316FBD08B0041AD55 /* UIKit.framework */,
				881EAF9516FBD08B0041AD55 /* Foundation.framework */,
				881EAF9716FBD08B0041AD55 /* CoreGraphics.framework */,
				881EAF9916FBD08B0041AD55 /* CoreData.framework */,
				881EAFC216FBD08B0041AD55 /* SenTestingKit.framework */,
				634CC7A981E449658DD30D1E /* libPods.a */,
			);
			name = Frameworks;
			sourceTree = "<group>";
		};
		881EAF9B16FBD08B0041AD55 /* QuizIn */ = {
			isa = PBXGroup;
			children = (
				880870F016FBD32E00D09848 /* Source */,
				880870E416FBD32200D09848 /* Resources */,
				880870DE16FBD31800D09848 /* Supporting Files */,
			);
			path = QuizIn;
			sourceTree = "<group>";
		};
		881EAFC916FBD08B0041AD55 /* QuizInTests */ = {
			isa = PBXGroup;
			children = (
				881EAFCF16FBD08B0041AD55 /* QuizInTests.h */,
				881EAFD016FBD08B0041AD55 /* QuizInTests.m */,
				881EAFCA16FBD08B0041AD55 /* Supporting Files */,
			);
			path = QuizInTests;
			sourceTree = "<group>";
		};
		881EAFCA16FBD08B0041AD55 /* Supporting Files */ = {
			isa = PBXGroup;
			children = (
				881EAFCB16FBD08B0041AD55 /* QuizInTests-Info.plist */,
				881EAFCC16FBD08B0041AD55 /* InfoPlist.strings */,
			);
			name = "Supporting Files";
			sourceTree = "<group>";
		};
		88867961172D521C00DCE3D0 /* Screens */ = {
			isa = PBXGroup;
			children = (
				8886799A172DAFC700DCE3D0 /* Quizzes */,
				88867968172D53F700DCE3D0 /* Home */,
			);
			path = Screens;
			sourceTree = "<group>";
		};
		88867968172D53F700DCE3D0 /* Home */ = {
			isa = PBXGroup;
			children = (
				88867969172D53F700DCE3D0 /* QIHomeViewController.h */,
				8886796A172D53F700DCE3D0 /* QIHomeViewController.m */,
				8886796C172D540700DCE3D0 /* QIHomeView.h */,
				8886796D172D540700DCE3D0 /* QIHomeView.m */,
				34EF1F9D172E2DC80019D6F7 /* Scratch.xib */,
			);
			path = Home;
			sourceTree = "<group>";
		};
		88867972172D572F00DCE3D0 /* Drawer */ = {
			isa = PBXGroup;
			children = (
				88867973172D572F00DCE3D0 /* QIDrawerController.h */,
				88867974172D572F00DCE3D0 /* QIDrawerController.m */,
				88867976172D574C00DCE3D0 /* QIDrawerView.h */,
				88867977172D574C00DCE3D0 /* QIDrawerView.m */,
			);
			path = Drawer;
			sourceTree = "<group>";
		};
		88867979172D6AF700DCE3D0 /* Auth */ = {
			isa = PBXGroup;
			children = (
				8886797A172D6AF700DCE3D0 /* AKGTMOAuth2Account.h */,
				8886797B172D6AF700DCE3D0 /* AKGTMOAuth2Account.m */,
				8886797C172D6AF700DCE3D0 /* AKGTMOAuth2AuthController.h */,
				8886797D172D6AF700DCE3D0 /* AKGTMOAuth2AuthController.m */,
				8886797E172D6AF700DCE3D0 /* AKOAuth2Account.h */,
				8886797F172D6AF700DCE3D0 /* AKOAuth2Account.m */,
				88867980172D6AF700DCE3D0 /* AKOAuth2AccountCredential.h */,
				88867981172D6AF700DCE3D0 /* AKOAuth2AccountCredential.m */,
				88867982172D6AF700DCE3D0 /* QIAccountStore.h */,
				88867983172D6AF700DCE3D0 /* QIAccountStore.m */,
				88867984172D6AF700DCE3D0 /* AKGoogleAuthController.h */,
				88867985172D6AF700DCE3D0 /* AKGoogleAuthController.m */,
				88867986172D6AF700DCE3D0 /* AKLinkedInAuthController.h */,
				88867987172D6AF700DCE3D0 /* AKLinkedInAuthController.m */,
			);
			path = Auth;
			sourceTree = "<group>";
		};
		88867988172D6AF700DCE3D0 /* Communication */ = {
			isa = PBXGroup;
			children = (
				88867989172D6AF800DCE3D0 /* LIHTTPClient.h */,
				8886798A172D6AF800DCE3D0 /* LIHTTPClient.m */,
				8886798B172D6AF800DCE3D0 /* LinkedIn.h */,
				8886798C172D6AF800DCE3D0 /* LinkedIn.m */,
			);
			path = Communication;
			sourceTree = "<group>";
		};
		8886799A172DAFC700DCE3D0 /* Quizzes */ = {
			isa = PBXGroup;
			children = (
				3478FFA91747C153002B29DB /* Matching */,
				3478FFA5173FD6BF002B29DB /* ProgressView */,
				888679A5172DD57F00DCE3D0 /* MultipleChoice */,
				8886799B172DAFC700DCE3D0 /* BusinessCard */,
				8886799F172DCDA600DCE3D0 /* QIQuizViewController.h */,
				888679A0172DCDA600DCE3D0 /* QIQuizViewController.m */,
				888679A2172DCE2700DCE3D0 /* QIQuizView.h */,
				888679A3172DCE2700DCE3D0 /* QIQuizView.m */,
			);
			path = Quizzes;
			sourceTree = "<group>";
		};
		8886799B172DAFC700DCE3D0 /* BusinessCard */ = {
			isa = PBXGroup;
			children = (
				34F01A34172DB2F60056A76A /* QIBusinessCardViewController.h */,
				34F01A35172DB2F60056A76A /* QIBusinessCardViewController.m */,
				34F01A32172DB2F60056A76A /* QIBusinessCardQuizView.h */,
				34F01A33172DB2F60056A76A /* QIBusinessCardQuizView.m */,
			);
			path = BusinessCard;
			sourceTree = "<group>";
		};
		888679A5172DD57F00DCE3D0 /* MultipleChoice */ = {
			isa = PBXGroup;
			children = (
				888679A6172DD5B000DCE3D0 /* QIMultipleChoiceQuizViewController.h */,
				888679A7172DD5B000DCE3D0 /* QIMultipleChoiceQuizViewController.m */,
				888679A9172DD5DA00DCE3D0 /* QIMultipleChoiceQuizView.h */,
				888679AA172DD5DA00DCE3D0 /* QIMultipleChoiceQuizView.m */,
			);
			path = MultipleChoice;
			sourceTree = "<group>";
		};
/* End PBXGroup section */

/* Begin PBXNativeTarget section */
		881EAF8F16FBD08B0041AD55 /* QuizIn */ = {
			isa = PBXNativeTarget;
			buildConfigurationList = 881EAFD416FBD08B0041AD55 /* Build configuration list for PBXNativeTarget "QuizIn" */;
			buildPhases = (
				881EAF8C16FBD08B0041AD55 /* Sources */,
				881EAF8D16FBD08B0041AD55 /* Frameworks */,
				881EAF8E16FBD08B0041AD55 /* Resources */,
				9AE3D130F87149FAAC03A5F6 /* Copy Pods Resources */,
			);
			buildRules = (
			);
			dependencies = (
			);
			name = QuizIn;
			productName = QuizIn;
			productReference = 881EAF9016FBD08B0041AD55 /* QuizIn.app */;
			productType = "com.apple.product-type.application";
		};
		881EAFC016FBD08B0041AD55 /* QuizInTests */ = {
			isa = PBXNativeTarget;
			buildConfigurationList = 881EAFD716FBD08B0041AD55 /* Build configuration list for PBXNativeTarget "QuizInTests" */;
			buildPhases = (
				881EAFBC16FBD08B0041AD55 /* Sources */,
				881EAFBD16FBD08B0041AD55 /* Frameworks */,
				881EAFBE16FBD08B0041AD55 /* Resources */,
				881EAFBF16FBD08B0041AD55 /* ShellScript */,
			);
			buildRules = (
			);
			dependencies = (
				881EAFC816FBD08B0041AD55 /* PBXTargetDependency */,
			);
			name = QuizInTests;
			productName = QuizInTests;
			productReference = 881EAFC116FBD08B0041AD55 /* QuizInTests.octest */;
			productType = "com.apple.product-type.bundle";
		};
/* End PBXNativeTarget section */

/* Begin PBXProject section */
		881EAF8816FBD08B0041AD55 /* Project object */ = {
			isa = PBXProject;
			attributes = {
				CLASSPREFIX = QI;
				LastUpgradeCheck = 0460;
				ORGANIZATIONNAME = "Kuhlmanation LLC";
			};
			buildConfigurationList = 881EAF8B16FBD08B0041AD55 /* Build configuration list for PBXProject "QuizIn" */;
			compatibilityVersion = "Xcode 3.2";
			developmentRegion = English;
			hasScannedForEncodings = 0;
			knownRegions = (
				en,
			);
			mainGroup = 881EAF8716FBD08B0041AD55;
			productRefGroup = 881EAF9116FBD08B0041AD55 /* Products */;
			projectDirPath = "";
			projectRoot = "";
			targets = (
				881EAF8F16FBD08B0041AD55 /* QuizIn */,
				881EAFC016FBD08B0041AD55 /* QuizInTests */,
			);
		};
/* End PBXProject section */

/* Begin PBXResourcesBuildPhase section */
		881EAF8E16FBD08B0041AD55 /* Resources */ = {
			isa = PBXResourcesBuildPhase;
			buildActionMask = 2147483647;
			files = (
				880870E216FBD31800D09848 /* InfoPlist.strings in Resources */,
				34EF1F9E172E2DC80019D6F7 /* Scratch.xib in Resources */,
				3478FF9F173EE237002B29DB /* High-level diagram.pdf in Resources */,
				347800051750EFC1002B29DB /* cardquiz_answerholder.png in Resources */,
				347800061750EFC1002B29DB /* cardquiz_answerholder@2x.png in Resources */,
				347800071750EFC1002B29DB /* cardquiz_businesscard.png in Resources */,
				347800081750EFC1002B29DB /* cardquiz_businesscard@2x.png in Resources */,
				347800091750EFC1002B29DB /* cardquiz_reference.png in Resources */,
				3478000A1750EFC1002B29DB /* cardquiz_reference@2x.png in Resources */,
				3478000B1750EFC1002B29DB /* cardquiz_tracker.png in Resources */,
				3478000C1750EFC1002B29DB /* cardquiz_tracker@2x.png in Resources */,
				3478000E1750EFC1002B29DB /* calendar_datebar.png in Resources */,
				3478000F1750EFC1002B29DB /* calendar_datebar@2x.png in Resources */,
				347800101750EFC1002B29DB /* calendar_expand_btn.png in Resources */,
				347800111750EFC1002B29DB /* calendar_expand_btn@2x.png in Resources */,
				347800121750EFC1002B29DB /* calendar_meetingtab.png in Resources */,
				347800131750EFC1002B29DB /* calendar_meetingtab@2x.png in Resources */,
				347800141750EFC1002B29DB /* calendar_meetingtab_selected.png in Resources */,
				347800151750EFC1002B29DB /* calendar_meetingtab_selected@2x.png in Resources */,
				347800161750EFC1002B29DB /* calendar_reference.png in Resources */,
				347800171750EFC1002B29DB /* calendar_reference@2x.png in Resources */,
				347800181750EFC1002B29DB /* calendar_slitbottom.png in Resources */,
				347800191750EFC1002B29DB /* calendar_slitbottom@2x.png in Resources */,
				3478001A1750EFC1002B29DB /* calendar_slittop.png in Resources */,
				3478001B1750EFC1002B29DB /* calendar_slittop@2x.png in Resources */,
				3478001D1750EFC1002B29DB /* Default-568h@2x.png in Resources */,
				3478001E1750EFC1002B29DB /* Default.png in Resources */,
				3478001F1750EFC1002B29DB /* Default@2x.png in Resources */,
				347800201750EFC1002B29DB /* drag&drop_nameplate.png in Resources */,
				347800211750EFC1002B29DB /* drag&drop_nameplate@2x.png in Resources */,
				347800221750EFC1002B29DB /* drag&drop_pictureholder.png in Resources */,
				347800231750EFC1002B29DB /* drag&drop_pictureholder@2x.png in Resources */,
				347800241750EFC1002B29DB /* drag&drop_reference.png in Resources */,
				347800251750EFC1002B29DB /* drag&drop_reference@2x.png in Resources */,
				347800261750EFC1002B29DB /* drag&drop_smallcard.png in Resources */,
				347800271750EFC1002B29DB /* drag&drop_smallcard@2x.png in Resources */,
				347800291750EFC1002B29DB /* connectionsquiz_lock_btn.png in Resources */,
				3478002A1750EFC1002B29DB /* connectionsquiz_lock_btn@2x.png in Resources */,
				3478002B1750EFC1002B29DB /* connectionsquiz_paperstack.png in Resources */,
				3478002C1750EFC1002B29DB /* connectionsquiz_paperstack@2x.png in Resources */,
				3478002D1750EFC1002B29DB /* connectionsquiz_quizoptions_btn.png in Resources */,
				3478002E1750EFC1002B29DB /* connectionsquiz_quizoptions_btn@2x.png in Resources */,
				3478002F1750EFC1002B29DB /* connectionsquiz_reference.png in Resources */,
				347800301750EFC1002B29DB /* connectionsquiz_reference@2x.png in Resources */,
				347800321750EFC1002B29DB /* connectionsquiz_paperstack.png in Resources */,
				347800331750EFC1002B29DB /* connectionsquiz_paperstack@2x.png in Resources */,
				347800341750EFC1002B29DB /* connectionsquiz_takequiz_btn.png in Resources */,
				347800351750EFC1002B29DB /* connectionsquiz_takequiz_btn@2x.png in Resources */,
				347800371750EFC1002B29DB /* multiplechoice_answer_btn.png in Resources */,
				347800381750EFC1002B29DB /* multiplechoice_answer_btn_@2x.png in Resources */,
				347800391750EFC1002B29DB /* multiplechoice_answer_btn_pressed.png in Resources */,
				3478003A1750EFC1002B29DB /* multiplechoice_answer_btn_pressed@2x.png in Resources */,
				3478003B1750EFC1002B29DB /* multiplechoice_pictureholder.png in Resources */,
				3478003C1750EFC1002B29DB /* multiplechoice_pictureholder@2x.png in Resources */,
				3478003D1750EFC1002B29DB /* multiplechoice_reference.png in Resources */,
				3478003E1750EFC1002B29DB /* multiplechoice_reference@2x.png in Resources */,
				347800411750EFC1002B29DB /* placeholderHead.png in Resources */,
				347800421750EFC1002B29DB /* placeholderHead@2x.png in Resources */,
				347800431750EFC1002B29DB /* Icon in Resources */,
				347800441750EFC1002B29DB /* LinkedInAppv10.psd in Resources */,
				347800451750EFC1002B29DB /* LinkedInAppv7 (1).psd in Resources */,
				347800461750EFC1002B29DB /* LinkedInAppv8 (1).psd in Resources */,
				347800471750EFC1002B29DB /* LinkedInAppv9.psd in Resources */,
				347800481750EFC1002B29DB /* connectionsquiz_takequiz_btn.png in Resources */,
				347800491750EFC1002B29DB /* connectionsquiz_takequiz_btn@2x.png in Resources */,
				3478004A1750EFC1002B29DB /* quizin_bg.png in Resources */,
				3478004B1750EFC1002B29DB /* quizin_bg@2x.png in Resources */,
				3478004C1750EFC1002B29DB /* quizin_divider.png in Resources */,
				3478004D1750EFC1002B29DB /* quizin_divider@2x.png in Resources */,
				3478004E1750EFC1002B29DB /* quizin_exit_btn.png in Resources */,
				3478004F1750EFC1002B29DB /* quizin_exit_btn@2x.png in Resources */,
				347800501750EFC1002B29DB /* quizin_headerbar.png in Resources */,
				347800511750EFC1002B29DB /* quizin_headerbar@2x.png in Resources */,
				340896B817513D4D00398230 /* Tahoma.ttf in Resources */,
				340896BA1751443800398230 /* tahomabd.ttf in Resources */,
				340896BD1751712900398230 /* progressView_tracker.png in Resources */,
				340896BE1751712900398230 /* progressView_tracker@2x.png in Resources */,
				340896C1175175ED00398230 /* progressView_progress.png in Resources */,
				340896C2175175ED00398230 /* progressView_progress@2x.png in Resources */,
			);
			runOnlyForDeploymentPostprocessing = 0;
		};
		881EAFBE16FBD08B0041AD55 /* Resources */ = {
			isa = PBXResourcesBuildPhase;
			buildActionMask = 2147483647;
			files = (
				881EAFCE16FBD08B0041AD55 /* InfoPlist.strings in Resources */,
			);
			runOnlyForDeploymentPostprocessing = 0;
		};
/* End PBXResourcesBuildPhase section */

/* Begin PBXShellScriptBuildPhase section */
		881EAFBF16FBD08B0041AD55 /* ShellScript */ = {
			isa = PBXShellScriptBuildPhase;
			buildActionMask = 2147483647;
			files = (
			);
			inputPaths = (
			);
			outputPaths = (
			);
			runOnlyForDeploymentPostprocessing = 0;
			shellPath = /bin/sh;
			shellScript = "# Run the unit tests in this test bundle.\n\"${SYSTEM_DEVELOPER_DIR}/Tools/RunUnitTests\"\n";
		};
		9AE3D130F87149FAAC03A5F6 /* Copy Pods Resources */ = {
			isa = PBXShellScriptBuildPhase;
			buildActionMask = 2147483647;
			files = (
			);
			inputPaths = (
			);
			name = "Copy Pods Resources";
			outputPaths = (
			);
			runOnlyForDeploymentPostprocessing = 0;
			shellPath = /bin/sh;
			shellScript = "\"${SRCROOT}/Pods/Pods-resources.sh\"\n";
		};
/* End PBXShellScriptBuildPhase section */

/* Begin PBXSourcesBuildPhase section */
		881EAF8C16FBD08B0041AD55 /* Sources */ = {
			isa = PBXSourcesBuildPhase;
			buildActionMask = 2147483647;
			files = (
				880870EF16FBD32200D09848 /* QuizIn.xcdatamodeld in Sources */,
				880870F716FBD32E00D09848 /* QIAppDelegate.m in Sources */,
				880870F816FBD32E00D09848 /* main.m in Sources */,
				880870FB16FBD3A800D09848 /* QIApplicationViewController.m in Sources */,
				8886796B172D53F700DCE3D0 /* QIHomeViewController.m in Sources */,
				8886796E172D540700DCE3D0 /* QIHomeView.m in Sources */,
				88867975172D572F00DCE3D0 /* QIDrawerController.m in Sources */,
				88867978172D574C00DCE3D0 /* QIDrawerView.m in Sources */,
				8886798D172D6AF800DCE3D0 /* AKGTMOAuth2Account.m in Sources */,
				8886798E172D6AF800DCE3D0 /* AKGTMOAuth2AuthController.m in Sources */,
				8886798F172D6AF800DCE3D0 /* AKOAuth2Account.m in Sources */,
				88867990172D6AF800DCE3D0 /* AKOAuth2AccountCredential.m in Sources */,
				88867991172D6AF800DCE3D0 /* QIAccountStore.m in Sources */,
				88867992172D6AF800DCE3D0 /* AKGoogleAuthController.m in Sources */,
				88867993172D6AF800DCE3D0 /* AKLinkedInAuthController.m in Sources */,
				88867994172D6AF800DCE3D0 /* LIHTTPClient.m in Sources */,
				88867995172D6AF800DCE3D0 /* LinkedIn.m in Sources */,
				34F01A36172DB2F60056A76A /* QIBusinessCardQuizView.m in Sources */,
				34F01A37172DB2F60056A76A /* QIBusinessCardViewController.m in Sources */,
				888679A1172DCDA700DCE3D0 /* QIQuizViewController.m in Sources */,
				888679A4172DCE2800DCE3D0 /* QIQuizView.m in Sources */,
				888679A8172DD5B000DCE3D0 /* QIMultipleChoiceQuizViewController.m in Sources */,
				888679AB172DD5DA00DCE3D0 /* QIMultipleChoiceQuizView.m in Sources */,
				349248191733603D000AE6D1 /* QIStatsTracker.m in Sources */,
				3478FFA4173EE7CD002B29DB /* AsyncImageView.m in Sources */,
				3478FFA8173FD747002B29DB /* QIProgressView.m in Sources */,
				3478FFAC1747C19D002B29DB /* QIMatchingQuizViewController.m in Sources */,
				3478FFAF1747C1C7002B29DB /* QIMatchingQuizView.m in Sources */,
			);
			runOnlyForDeploymentPostprocessing = 0;
		};
		881EAFBC16FBD08B0041AD55 /* Sources */ = {
			isa = PBXSourcesBuildPhase;
			buildActionMask = 2147483647;
			files = (
				881EAFD116FBD08B0041AD55 /* QuizInTests.m in Sources */,
			);
			runOnlyForDeploymentPostprocessing = 0;
		};
/* End PBXSourcesBuildPhase section */

/* Begin PBXTargetDependency section */
		881EAFC816FBD08B0041AD55 /* PBXTargetDependency */ = {
			isa = PBXTargetDependency;
			target = 881EAF8F16FBD08B0041AD55 /* QuizIn */;
			targetProxy = 881EAFC716FBD08B0041AD55 /* PBXContainerItemProxy */;
		};
/* End PBXTargetDependency section */

/* Begin PBXVariantGroup section */
		880870DF16FBD31800D09848 /* InfoPlist.strings */ = {
			isa = PBXVariantGroup;
			children = (
				880870E016FBD31800D09848 /* en */,
			);
			name = InfoPlist.strings;
			sourceTree = "<group>";
		};
		881EAFCC16FBD08B0041AD55 /* InfoPlist.strings */ = {
			isa = PBXVariantGroup;
			children = (
				881EAFCD16FBD08B0041AD55 /* en */,
			);
			name = InfoPlist.strings;
			sourceTree = "<group>";
		};
/* End PBXVariantGroup section */

/* Begin XCBuildConfiguration section */
		881EAFD216FBD08B0041AD55 /* Debug */ = {
			isa = XCBuildConfiguration;
			buildSettings = {
				ALWAYS_SEARCH_USER_PATHS = NO;
				CLANG_CXX_LANGUAGE_STANDARD = "gnu++0x";
				CLANG_CXX_LIBRARY = "libc++";
				CLANG_ENABLE_OBJC_ARC = YES;
				CLANG_WARN_CONSTANT_CONVERSION = YES;
				CLANG_WARN_EMPTY_BODY = YES;
				CLANG_WARN_ENUM_CONVERSION = YES;
				CLANG_WARN_INT_CONVERSION = YES;
				CLANG_WARN__DUPLICATE_METHOD_MATCH = YES;
				"CODE_SIGN_IDENTITY[sdk=iphoneos*]" = "iPhone Developer";
				COPY_PHASE_STRIP = NO;
				GCC_C_LANGUAGE_STANDARD = gnu99;
				GCC_DYNAMIC_NO_PIC = NO;
				GCC_OPTIMIZATION_LEVEL = 0;
				GCC_PREPROCESSOR_DEFINITIONS = (
					"DEBUG=1",
					"$(inherited)",
				);
				GCC_SYMBOLS_PRIVATE_EXTERN = NO;
				GCC_WARN_ABOUT_RETURN_TYPE = YES;
				GCC_WARN_UNINITIALIZED_AUTOS = YES;
				GCC_WARN_UNUSED_VARIABLE = YES;
				IPHONEOS_DEPLOYMENT_TARGET = 6.1;
				ONLY_ACTIVE_ARCH = YES;
				SDKROOT = iphoneos;
			};
			name = Debug;
		};
		881EAFD316FBD08B0041AD55 /* Release */ = {
			isa = XCBuildConfiguration;
			buildSettings = {
				ALWAYS_SEARCH_USER_PATHS = NO;
				CLANG_CXX_LANGUAGE_STANDARD = "gnu++0x";
				CLANG_CXX_LIBRARY = "libc++";
				CLANG_ENABLE_OBJC_ARC = YES;
				CLANG_WARN_CONSTANT_CONVERSION = YES;
				CLANG_WARN_EMPTY_BODY = YES;
				CLANG_WARN_ENUM_CONVERSION = YES;
				CLANG_WARN_INT_CONVERSION = YES;
				CLANG_WARN__DUPLICATE_METHOD_MATCH = YES;
				"CODE_SIGN_IDENTITY[sdk=iphoneos*]" = "iPhone Developer";
				COPY_PHASE_STRIP = YES;
				GCC_C_LANGUAGE_STANDARD = gnu99;
				GCC_WARN_ABOUT_RETURN_TYPE = YES;
				GCC_WARN_UNINITIALIZED_AUTOS = YES;
				GCC_WARN_UNUSED_VARIABLE = YES;
				IPHONEOS_DEPLOYMENT_TARGET = 6.1;
				OTHER_CFLAGS = "-DNS_BLOCK_ASSERTIONS=1";
				SDKROOT = iphoneos;
				VALIDATE_PRODUCT = YES;
			};
			name = Release;
		};
		881EAFD516FBD08B0041AD55 /* Debug */ = {
			isa = XCBuildConfiguration;
			baseConfigurationReference = 7F88557B297046AD9AF083B1 /* Pods.xcconfig */;
			buildSettings = {
				GCC_PRECOMPILE_PREFIX_HEADER = YES;
				GCC_PREFIX_HEADER = "QuizIn/Source/QuizIn-Prefix.pch";
				INFOPLIST_FILE = "QuizIn/Supporting Files/QuizIn-Info.plist";
				PRODUCT_NAME = "$(TARGET_NAME)";
				RUN_CLANG_STATIC_ANALYZER = YES;
				WRAPPER_EXTENSION = app;
			};
			name = Debug;
		};
		881EAFD616FBD08B0041AD55 /* Release */ = {
			isa = XCBuildConfiguration;
			baseConfigurationReference = 7F88557B297046AD9AF083B1 /* Pods.xcconfig */;
			buildSettings = {
				GCC_PRECOMPILE_PREFIX_HEADER = YES;
				GCC_PREFIX_HEADER = "QuizIn/Source/QuizIn-Prefix.pch";
				INFOPLIST_FILE = "QuizIn/Supporting Files/QuizIn-Info.plist";
				PRODUCT_NAME = "$(TARGET_NAME)";
				RUN_CLANG_STATIC_ANALYZER = YES;
				WRAPPER_EXTENSION = app;
			};
			name = Release;
		};
		881EAFD816FBD08B0041AD55 /* Debug */ = {
			isa = XCBuildConfiguration;
			buildSettings = {
				BUNDLE_LOADER = "$(BUILT_PRODUCTS_DIR)/QuizIn.app/QuizIn";
				FRAMEWORK_SEARCH_PATHS = (
					"\"$(SDKROOT)/Developer/Library/Frameworks\"",
					"\"$(DEVELOPER_LIBRARY_DIR)/Frameworks\"",
				);
				GCC_PRECOMPILE_PREFIX_HEADER = YES;
				GCC_PREFIX_HEADER = "QuizIn/QuizIn-Prefix.pch";
				INFOPLIST_FILE = "QuizInTests/QuizInTests-Info.plist";
				PRODUCT_NAME = "$(TARGET_NAME)";
				TEST_HOST = "$(BUNDLE_LOADER)";
				WRAPPER_EXTENSION = octest;
			};
			name = Debug;
		};
		881EAFD916FBD08B0041AD55 /* Release */ = {
			isa = XCBuildConfiguration;
			buildSettings = {
				BUNDLE_LOADER = "$(BUILT_PRODUCTS_DIR)/QuizIn.app/QuizIn";
				FRAMEWORK_SEARCH_PATHS = (
					"\"$(SDKROOT)/Developer/Library/Frameworks\"",
					"\"$(DEVELOPER_LIBRARY_DIR)/Frameworks\"",
				);
				GCC_PRECOMPILE_PREFIX_HEADER = YES;
				GCC_PREFIX_HEADER = "QuizIn/QuizIn-Prefix.pch";
				INFOPLIST_FILE = "QuizInTests/QuizInTests-Info.plist";
				PRODUCT_NAME = "$(TARGET_NAME)";
				TEST_HOST = "$(BUNDLE_LOADER)";
				WRAPPER_EXTENSION = octest;
			};
			name = Release;
		};
/* End XCBuildConfiguration section */

/* Begin XCConfigurationList section */
		881EAF8B16FBD08B0041AD55 /* Build configuration list for PBXProject "QuizIn" */ = {
			isa = XCConfigurationList;
			buildConfigurations = (
				881EAFD216FBD08B0041AD55 /* Debug */,
				881EAFD316FBD08B0041AD55 /* Release */,
			);
			defaultConfigurationIsVisible = 0;
			defaultConfigurationName = Release;
		};
		881EAFD416FBD08B0041AD55 /* Build configuration list for PBXNativeTarget "QuizIn" */ = {
			isa = XCConfigurationList;
			buildConfigurations = (
				881EAFD516FBD08B0041AD55 /* Debug */,
				881EAFD616FBD08B0041AD55 /* Release */,
			);
			defaultConfigurationIsVisible = 0;
			defaultConfigurationName = Release;
		};
		881EAFD716FBD08B0041AD55 /* Build configuration list for PBXNativeTarget "QuizInTests" */ = {
			isa = XCConfigurationList;
			buildConfigurations = (
				881EAFD816FBD08B0041AD55 /* Debug */,
				881EAFD916FBD08B0041AD55 /* Release */,
			);
			defaultConfigurationIsVisible = 0;
			defaultConfigurationName = Release;
		};
/* End XCConfigurationList section */

/* Begin XCVersionGroup section */
		880870EA16FBD32200D09848 /* QuizIn.xcdatamodeld */ = {
			isa = XCVersionGroup;
			children = (
				880870EB16FBD32200D09848 /* QuizIn.xcdatamodel */,
			);
			currentVersion = 880870EB16FBD32200D09848 /* QuizIn.xcdatamodel */;
			path = QuizIn.xcdatamodeld;
			sourceTree = "<group>";
			versionGroupType = wrapper.xcdatamodel;
		};
/* End XCVersionGroup section */
	};
	rootObject = 881EAF8816FBD08B0041AD55 /* Project object */;
}
