PODS:
  - AFNetworking (1.2.1)
  - AuthKit (0.0.1)
  - CocoaLumberjack (1.6.2)
  - gtm-oauth2 (0.0.1):
    - gtm-oauth2/Core
    - GTMHTTPFetcher
    - SBJson
  - gtm-oauth2/Core (0.0.1):
    - gtm-oauth2/Core/Mac
    - gtm-oauth2/Core/Touch
    - GTMHTTPFetcher
    - SBJson
  - gtm-oauth2/Core/Mac (0.0.1):
    - GTMHTTPFetcher
    - SBJson
  - gtm-oauth2/Core/Touch (0.0.1):
    - GTMHTTPFetcher
    - SBJson
  - GTMHTTPFetcher (0.0.1):
    - SBJson
  - MagicalRecord (2.1)
  - Objection (0.15.2)
  - SBJson (3.2)

DEPENDENCIES:
  - AFNetworking (>= 1.1.0)
  - AuthKit (from `https://github.com/RCacheaux/AuthKit.git`)
  - CocoaLumberjack (>= 1.6)
  - gtm-oauth2 (>= 0.0.1)
  - MagicalRecord (>= 2.1)
  - Objection (>= 0.15.1)

EXTERNAL SOURCES:
  AuthKit:
    :git: https://github.com/RCacheaux/AuthKit.git

SPEC CHECKSUMS:
  AFNetworking: a44069e3c9c89867544f6639482f155c7e5f9b41
  AuthKit: fc15e656eba449c52ae99fb18dc3e4db5e5c6c1e
  CocoaLumberjack: d73e1e317ced14ab930797dda6c17156ff17aaa1
  gtm-oauth2: af6d1ff3d4b14b35d3709f7f4bf2be8b43e45e62
  GTMHTTPFetcher: b0af09f18ec87e7a5edeffcc8cb6449fdbf0e83f
  MagicalRecord: 64e7184c240087a45e9588a722eaf05b0ad837f7
  Objection: 9afb32da171ffca51a74321aeae3f8612da1570d
  SBJson: e60b4dc22448c2ae1e754b523a4ab53408e85c8d

COCOAPODS: 0.27.1
