PODS:
  - AFNetworking (2.2.1):
    - AFNetworking/NSURLConnection (= 2.2.1)
    - AFNetworking/NSURLSession (= 2.2.1)
    - AFNetworking/Reachability (= 2.2.1)
    - AFNetworking/Security (= 2.2.1)
    - AFNetworking/Serialization (= 2.2.1)
    - AFNetworking/UIKit (= 2.2.1)
  - AFNetworking/NSURLConnection (2.2.1):
    - AFNetworking/Reachability
    - AFNetworking/Security
    - AFNetworking/Serialization
  - AFNetworking/NSURLSession (2.2.1):
    - AFNetworking/NSURLConnection
  - AFNetworking/Reachability (2.2.1)
  - AFNetworking/Security (2.2.1)
  - AFNetworking/Serialization (2.2.1)
  - AFNetworking/UIKit (2.2.1):
    - AFNetworking/NSURLConnection
    - AFNetworking/NSURLSession
  - AuthKit (0.0.1)
  - CocoaLumberjack (1.8.0):
    - CocoaLumberjack/Extensions (= 1.8.0)
  - CocoaLumberjack/Core (1.8.0)
  - CocoaLumberjack/Extensions (1.8.0):
    - CocoaLumberjack/Core
  - FLKAutoLayout (0.1.1)
  - gtm-oauth2 (0.0.1):
    - gtm-oauth2/Core (= 0.0.1)
    - GTMHTTPFetcher
    - SBJson
  - gtm-oauth2/Core (0.0.1):
    - gtm-oauth2/Core/Mac (= 0.0.1)
    - gtm-oauth2/Core/Touch (= 0.0.1)
    - GTMHTTPFetcher
    - SBJson
  - gtm-oauth2/Core/Mac (0.0.1):
    - GTMHTTPFetcher
    - SBJson
  - gtm-oauth2/Core/Touch (0.0.1):
    - GTMHTTPFetcher
    - SBJson
  - GTMHTTPFetcher (2.0.0):
    - GTMHTTPFetcher/Fetcher (= 2.0.0)
    - GTMHTTPFetcher/Logging (= 2.0.0)
    - GTMHTTPFetcher/LogViewController (= 2.0.0)
    - GTMHTTPFetcher/MIME (= 2.0.0)
    - GTMHTTPFetcher/ResumableUpload (= 2.0.0)
    - GTMHTTPFetcher/Service (= 2.0.0)
  - GTMHTTPFetcher/Fetcher (2.0.0)
  - GTMHTTPFetcher/Logging (2.0.0):
    - GTMHTTPFetcher/Fetcher (= 2.0.0)
  - GTMHTTPFetcher/LogViewController (2.0.0):
    - GTMHTTPFetcher/Logging (= 2.0.0)
  - GTMHTTPFetcher/MIME (2.0.0):
    - GTMHTTPFetcher/Fetcher (= 2.0.0)
  - GTMHTTPFetcher/ResumableUpload (2.0.0):
    - GTMHTTPFetcher/Fetcher (= 2.0.0)
    - GTMHTTPFetcher/Service (= 2.0.0)
  - GTMHTTPFetcher/Service (2.0.0):
    - GTMHTTPFetcher/Fetcher (= 2.0.0)
  - SBJson (4.0.2)

DEPENDENCIES:
  - AFNetworking (= 2.2.1)
  - AuthKit (from `https://github.com/RCacheaux/AuthKit.git`)
  - CocoaLumberjack (= 1.8.0)
  - FLKAutoLayout (= 0.1.1)
  - gtm-oauth2 (= 0.0.1)

EXTERNAL SOURCES:
  AuthKit:
    :git: https://github.com/RCacheaux/AuthKit.git

CHECKOUT OPTIONS:
  AuthKit:
    :commit: 4efdf69b1014028c70060d9317f1bf7ad8b89b83
    :git: https://github.com/RCacheaux/AuthKit.git

SPEC CHECKSUMS:
  AFNetworking: 59a0b8e9ecd4e194d64b4967232cd2cc83490113
  AuthKit: 8fec6c117ef6b5aaf27f1af7299f41712f5db357
  CocoaLumberjack: c444cbc2ddc4cfba8d345d5ab92ecefb009f7e07
  FLKAutoLayout: 95b12c5cd9652100235140b68652f063f7437851
  gtm-oauth2: 4e88985e012a3a4cee5679b062ae10ec8ff18c83
  GTMHTTPFetcher: a14e4ce88b3387be1cf569c24f316c3a7faeb43c
  SBJson: c18691cc18375b14664ff0fec841f8c4faef1934

COCOAPODS: 0.39.0
